// !$*UTF8*$!
{
	archiveVersion = 1;
	classes = {
	};
	objectVersion = 55;
	objects = {

/* Begin PBXBuildFile section */
		342B65BA27DBC6E800A78536 /* ProfileViewController.swift in Sources */ = {isa = PBXBuildFile; fileRef = 342B65B927DBC6E800A78536 /* ProfileViewController.swift */; };
		342B65BC27DBCC7500A78536 /* Profile.storyboard in Resources */ = {isa = PBXBuildFile; fileRef = 342B65BB27DBCC7500A78536 /* Profile.storyboard */; };
		342B65C027DBDDA200A78536 /* SearchViewController.swift in Sources */ = {isa = PBXBuildFile; fileRef = 342B65BF27DBDDA200A78536 /* SearchViewController.swift */; };
		342B65C227DBDDB400A78536 /* ExchangesViewController.swift in Sources */ = {isa = PBXBuildFile; fileRef = 342B65C127DBDDB400A78536 /* ExchangesViewController.swift */; };
		342B65C627DE285800A78536 /* PersonalSkillListViewController.swift in Sources */ = {isa = PBXBuildFile; fileRef = 342B65C527DE285800A78536 /* PersonalSkillListViewController.swift */; };
		342B65CA27DE300600A78536 /* PersonalSkillList.storyboard in Resources */ = {isa = PBXBuildFile; fileRef = 342B65C927DE300600A78536 /* PersonalSkillList.storyboard */; };
		342B65CC27DE322500A78536 /* PersonalSkillCell.swift in Sources */ = {isa = PBXBuildFile; fileRef = 342B65CB27DE322500A78536 /* PersonalSkillCell.swift */; };
		342B65CE27DE503700A78536 /* PersonalSkillCell.xib in Resources */ = {isa = PBXBuildFile; fileRef = 342B65CD27DE503700A78536 /* PersonalSkillCell.xib */; };
		347375BC27C62DF50029A419 /* AppDelegate.swift in Sources */ = {isa = PBXBuildFile; fileRef = 347375BB27C62DF50029A419 /* AppDelegate.swift */; };
		347375C527C62DF70029A419 /* Assets.xcassets in Resources */ = {isa = PBXBuildFile; fileRef = 347375C427C62DF70029A419 /* Assets.xcassets */; };
		347375C827C62DF70029A419 /* LaunchScreen.storyboard in Resources */ = {isa = PBXBuildFile; fileRef = 347375C627C62DF70029A419 /* LaunchScreen.storyboard */; };
		347375D427C646510029A419 /* Transaction.swift in Sources */ = {isa = PBXBuildFile; fileRef = 347375D327C646510029A419 /* Transaction.swift */; };
		347375D627C647470029A419 /* Skill.swift in Sources */ = {isa = PBXBuildFile; fileRef = 347375D527C647470029A419 /* Skill.swift */; };
		347375D827C647520029A419 /* User.swift in Sources */ = {isa = PBXBuildFile; fileRef = 347375D727C647520029A419 /* User.swift */; };
		347375DC27C64C410029A419 /* DataInEnglish.swift in Sources */ = {isa = PBXBuildFile; fileRef = 347375DB27C64C410029A419 /* DataInEnglish.swift */; };
		347375DF27C64C640029A419 /* DataInRussian.swift in Sources */ = {isa = PBXBuildFile; fileRef = 347375DE27C64C640029A419 /* DataInRussian.swift */; };
		347375E127C653C00029A419 /* NetworkManager.swift in Sources */ = {isa = PBXBuildFile; fileRef = 347375E027C653C00029A419 /* NetworkManager.swift */; };
		347375E327C653D50029A419 /* PhotoManager.swift in Sources */ = {isa = PBXBuildFile; fileRef = 347375E227C653D50029A419 /* PhotoManager.swift */; };
		347375E527C653E90029A419 /* MemoryManager.swift in Sources */ = {isa = PBXBuildFile; fileRef = 347375E427C653E90029A419 /* MemoryManager.swift */; };
		347EB55927F97EA7006DA78E /* ProfileViewController + UIPickerExtension.swift in Sources */ = {isa = PBXBuildFile; fileRef = 347EB55827F97EA7006DA78E /* ProfileViewController + UIPickerExtension.swift */; };
		347EB55B27F97EDD006DA78E /* ProfileViewController + UIImageExtension.swift in Sources */ = {isa = PBXBuildFile; fileRef = 347EB55A27F97EDD006DA78E /* ProfileViewController + UIImageExtension.swift */; };
		347EB55D27F9EC37006DA78E /* ChangePasswordViewController.swift in Sources */ = {isa = PBXBuildFile; fileRef = 347EB55C27F9EC37006DA78E /* ChangePasswordViewController.swift */; };
		34AB122727FDDD530027AC20 /* String + Extension.swift in Sources */ = {isa = PBXBuildFile; fileRef = 34AB122627FDDD530027AC20 /* String + Extension.swift */; };
		34AB122927FDDD780027AC20 /* ProfileViewController + UIText.swift in Sources */ = {isa = PBXBuildFile; fileRef = 34AB122827FDDD780027AC20 /* ProfileViewController + UIText.swift */; };
		34B13E8927FA33740055E6ED /* Feedback.swift in Sources */ = {isa = PBXBuildFile; fileRef = 34B13E8827FA33740055E6ED /* Feedback.swift */; };
		34B13E8B27FAB3A90055E6ED /* Conversation.swift in Sources */ = {isa = PBXBuildFile; fileRef = 34B13E8A27FAB3A90055E6ED /* Conversation.swift */; };
		34B2BF0427DF1D5A00E849A0 /* ExchangeCell.xib in Resources */ = {isa = PBXBuildFile; fileRef = 34B2BF0327DF1D5A00E849A0 /* ExchangeCell.xib */; };
		34B2BF0627DF1D6A00E849A0 /* ExchangeCell.swift in Sources */ = {isa = PBXBuildFile; fileRef = 34B2BF0527DF1D6A00E849A0 /* ExchangeCell.swift */; };
		34CBC59C27DB632A0082FAF0 /* ChatMessage.swift in Sources */ = {isa = PBXBuildFile; fileRef = 34CBC59B27DB632A0082FAF0 /* ChatMessage.swift */; };
		34CBC59E27DB64840082FAF0 /* Api.swift in Sources */ = {isa = PBXBuildFile; fileRef = 34CBC59D27DB64840082FAF0 /* Api.swift */; };
		34CBC5A027DB64F10082FAF0 /* ConversationsListViewController.swift in Sources */ = {isa = PBXBuildFile; fileRef = 34CBC59F27DB64F10082FAF0 /* ConversationsListViewController.swift */; };
		34CBC5A327DB6C9A0082FAF0 /* ConversationViewController.swift in Sources */ = {isa = PBXBuildFile; fileRef = 34CBC5A227DB6C9A0082FAF0 /* ConversationViewController.swift */; };
		34CBC5A627DBA5C50082FAF0 /* EntryMessageView.swift in Sources */ = {isa = PBXBuildFile; fileRef = 34CBC5A527DBA5C50082FAF0 /* EntryMessageView.swift */; };
		34CBC5A827DBA5DE0082FAF0 /* ChatMessageCell.swift in Sources */ = {isa = PBXBuildFile; fileRef = 34CBC5A727DBA5DE0082FAF0 /* ChatMessageCell.swift */; };
		34CBC5AA27DBA6000082FAF0 /* ConversationTableViewCell.swift in Sources */ = {isa = PBXBuildFile; fileRef = 34CBC5A927DBA6000082FAF0 /* ConversationTableViewCell.swift */; };
		34CBC5AC27DBA6270082FAF0 /* EntryMessageView.xib in Resources */ = {isa = PBXBuildFile; fileRef = 34CBC5AB27DBA6270082FAF0 /* EntryMessageView.xib */; };
		34CBC5AE27DBA6980082FAF0 /* ConversationTableViewCell.xib in Resources */ = {isa = PBXBuildFile; fileRef = 34CBC5AD27DBA6980082FAF0 /* ConversationTableViewCell.xib */; };
		34CBC5B327DBA9BE0082FAF0 /* RootTabBarViewController.swift in Sources */ = {isa = PBXBuildFile; fileRef = 34CBC5B227DBA9BE0082FAF0 /* RootTabBarViewController.swift */; };
		34F4A88727DE866200C51CE2 /* SearchSkillCell.xib in Resources */ = {isa = PBXBuildFile; fileRef = 34F4A88627DE866200C51CE2 /* SearchSkillCell.xib */; };
		34F4A88927DE8E5E00C51CE2 /* SearchSkillCell.swift in Sources */ = {isa = PBXBuildFile; fileRef = 34F4A88827DE8E5E00C51CE2 /* SearchSkillCell.swift */; };
/* End PBXBuildFile section */

/* Begin PBXFileReference section */
		342B65B927DBC6E800A78536 /* ProfileViewController.swift */ = {isa = PBXFileReference; lastKnownFileType = sourcecode.swift; path = ProfileViewController.swift; sourceTree = "<group>"; };
		342B65BB27DBCC7500A78536 /* Profile.storyboard */ = {isa = PBXFileReference; lastKnownFileType = file.storyboard; path = Profile.storyboard; sourceTree = "<group>"; };
		342B65BF27DBDDA200A78536 /* SearchViewController.swift */ = {isa = PBXFileReference; lastKnownFileType = sourcecode.swift; path = SearchViewController.swift; sourceTree = "<group>"; };
		342B65C127DBDDB400A78536 /* ExchangesViewController.swift */ = {isa = PBXFileReference; lastKnownFileType = sourcecode.swift; path = ExchangesViewController.swift; sourceTree = "<group>"; };
		342B65C527DE285800A78536 /* PersonalSkillListViewController.swift */ = {isa = PBXFileReference; lastKnownFileType = sourcecode.swift; path = PersonalSkillListViewController.swift; sourceTree = "<group>"; };
		342B65C927DE300600A78536 /* PersonalSkillList.storyboard */ = {isa = PBXFileReference; lastKnownFileType = file.storyboard; path = PersonalSkillList.storyboard; sourceTree = "<group>"; };
		342B65CB27DE322500A78536 /* PersonalSkillCell.swift */ = {isa = PBXFileReference; lastKnownFileType = sourcecode.swift; path = PersonalSkillCell.swift; sourceTree = "<group>"; };
		342B65CD27DE503700A78536 /* PersonalSkillCell.xib */ = {isa = PBXFileReference; lastKnownFileType = file.xib; path = PersonalSkillCell.xib; sourceTree = "<group>"; };
		347375B827C62DF50029A419 /* HSE Sharing.app */ = {isa = PBXFileReference; explicitFileType = wrapper.application; includeInIndex = 0; path = "HSE Sharing.app"; sourceTree = BUILT_PRODUCTS_DIR; };
		347375BB27C62DF50029A419 /* AppDelegate.swift */ = {isa = PBXFileReference; lastKnownFileType = sourcecode.swift; path = AppDelegate.swift; sourceTree = "<group>"; };
		347375C427C62DF70029A419 /* Assets.xcassets */ = {isa = PBXFileReference; lastKnownFileType = folder.assetcatalog; path = Assets.xcassets; sourceTree = "<group>"; };
		347375C727C62DF70029A419 /* Base */ = {isa = PBXFileReference; lastKnownFileType = file.storyboard; name = Base; path = Base.lproj/LaunchScreen.storyboard; sourceTree = "<group>"; };
		347375C927C62DF70029A419 /* Info.plist */ = {isa = PBXFileReference; lastKnownFileType = text.plist.xml; path = Info.plist; sourceTree = "<group>"; };
		347375D327C646510029A419 /* Transaction.swift */ = {isa = PBXFileReference; lastKnownFileType = sourcecode.swift; path = Transaction.swift; sourceTree = "<group>"; };
		347375D527C647470029A419 /* Skill.swift */ = {isa = PBXFileReference; lastKnownFileType = sourcecode.swift; path = Skill.swift; sourceTree = "<group>"; };
		347375D727C647520029A419 /* User.swift */ = {isa = PBXFileReference; lastKnownFileType = sourcecode.swift; path = User.swift; sourceTree = "<group>"; };
		347375DB27C64C410029A419 /* DataInEnglish.swift */ = {isa = PBXFileReference; lastKnownFileType = sourcecode.swift; path = DataInEnglish.swift; sourceTree = "<group>"; };
		347375DE27C64C640029A419 /* DataInRussian.swift */ = {isa = PBXFileReference; lastKnownFileType = sourcecode.swift; path = DataInRussian.swift; sourceTree = "<group>"; };
		347375E027C653C00029A419 /* NetworkManager.swift */ = {isa = PBXFileReference; lastKnownFileType = sourcecode.swift; path = NetworkManager.swift; sourceTree = "<group>"; };
		347375E227C653D50029A419 /* PhotoManager.swift */ = {isa = PBXFileReference; lastKnownFileType = sourcecode.swift; path = PhotoManager.swift; sourceTree = "<group>"; };
		347375E427C653E90029A419 /* MemoryManager.swift */ = {isa = PBXFileReference; lastKnownFileType = sourcecode.swift; path = MemoryManager.swift; sourceTree = "<group>"; };
		347EB55827F97EA7006DA78E /* ProfileViewController + UIPickerExtension.swift */ = {isa = PBXFileReference; lastKnownFileType = sourcecode.swift; path = "ProfileViewController + UIPickerExtension.swift"; sourceTree = "<group>"; };
		347EB55A27F97EDD006DA78E /* ProfileViewController + UIImageExtension.swift */ = {isa = PBXFileReference; lastKnownFileType = sourcecode.swift; path = "ProfileViewController + UIImageExtension.swift"; sourceTree = "<group>"; };
		347EB55C27F9EC37006DA78E /* ChangePasswordViewController.swift */ = {isa = PBXFileReference; lastKnownFileType = sourcecode.swift; path = ChangePasswordViewController.swift; sourceTree = "<group>"; };
		34AB122627FDDD530027AC20 /* String + Extension.swift */ = {isa = PBXFileReference; lastKnownFileType = sourcecode.swift; path = "String + Extension.swift"; sourceTree = "<group>"; };
		34AB122827FDDD780027AC20 /* ProfileViewController + UIText.swift */ = {isa = PBXFileReference; lastKnownFileType = sourcecode.swift; path = "ProfileViewController + UIText.swift"; sourceTree = "<group>"; };
		34B13E8827FA33740055E6ED /* Feedback.swift */ = {isa = PBXFileReference; lastKnownFileType = sourcecode.swift; path = Feedback.swift; sourceTree = "<group>"; };
		34B13E8A27FAB3A90055E6ED /* Conversation.swift */ = {isa = PBXFileReference; lastKnownFileType = sourcecode.swift; path = Conversation.swift; sourceTree = "<group>"; };
		34B2BF0327DF1D5A00E849A0 /* ExchangeCell.xib */ = {isa = PBXFileReference; lastKnownFileType = file.xib; path = ExchangeCell.xib; sourceTree = "<group>"; };
		34B2BF0527DF1D6A00E849A0 /* ExchangeCell.swift */ = {isa = PBXFileReference; lastKnownFileType = sourcecode.swift; path = ExchangeCell.swift; sourceTree = "<group>"; };
		34CBC59B27DB632A0082FAF0 /* ChatMessage.swift */ = {isa = PBXFileReference; lastKnownFileType = sourcecode.swift; path = ChatMessage.swift; sourceTree = "<group>"; };
		34CBC59D27DB64840082FAF0 /* Api.swift */ = {isa = PBXFileReference; lastKnownFileType = sourcecode.swift; path = Api.swift; sourceTree = "<group>"; };
		34CBC59F27DB64F10082FAF0 /* ConversationsListViewController.swift */ = {isa = PBXFileReference; lastKnownFileType = sourcecode.swift; path = ConversationsListViewController.swift; sourceTree = "<group>"; };
		34CBC5A227DB6C9A0082FAF0 /* ConversationViewController.swift */ = {isa = PBXFileReference; lastKnownFileType = sourcecode.swift; path = ConversationViewController.swift; sourceTree = "<group>"; };
		34CBC5A527DBA5C50082FAF0 /* EntryMessageView.swift */ = {isa = PBXFileReference; lastKnownFileType = sourcecode.swift; path = EntryMessageView.swift; sourceTree = "<group>"; };
		34CBC5A727DBA5DE0082FAF0 /* ChatMessageCell.swift */ = {isa = PBXFileReference; lastKnownFileType = sourcecode.swift; path = ChatMessageCell.swift; sourceTree = "<group>"; };
		34CBC5A927DBA6000082FAF0 /* ConversationTableViewCell.swift */ = {isa = PBXFileReference; lastKnownFileType = sourcecode.swift; path = ConversationTableViewCell.swift; sourceTree = "<group>"; };
		34CBC5AB27DBA6270082FAF0 /* EntryMessageView.xib */ = {isa = PBXFileReference; lastKnownFileType = file.xib; path = EntryMessageView.xib; sourceTree = "<group>"; };
		34CBC5AD27DBA6980082FAF0 /* ConversationTableViewCell.xib */ = {isa = PBXFileReference; lastKnownFileType = file.xib; path = ConversationTableViewCell.xib; sourceTree = "<group>"; };
		34CBC5B227DBA9BE0082FAF0 /* RootTabBarViewController.swift */ = {isa = PBXFileReference; lastKnownFileType = sourcecode.swift; path = RootTabBarViewController.swift; sourceTree = "<group>"; };
		34F4A88627DE866200C51CE2 /* SearchSkillCell.xib */ = {isa = PBXFileReference; lastKnownFileType = file.xib; path = SearchSkillCell.xib; sourceTree = "<group>"; };
		34F4A88827DE8E5E00C51CE2 /* SearchSkillCell.swift */ = {isa = PBXFileReference; lastKnownFileType = sourcecode.swift; path = SearchSkillCell.swift; sourceTree = "<group>"; };
/* End PBXFileReference section */

/* Begin PBXFrameworksBuildPhase section */
		347375B527C62DF50029A419 /* Frameworks */ = {
			isa = PBXFrameworksBuildPhase;
			buildActionMask = 2147483647;
			files = (
			);
			runOnlyForDeploymentPostprocessing = 0;
		};
/* End PBXFrameworksBuildPhase section */

/* Begin PBXGroup section */
		342B65B827DBC6D100A78536 /* Profile */ = {
			isa = PBXGroup;
			children = (
				34AB122A27FDDD9D0027AC20 /* ProfileViewController */,
				342B65C527DE285800A78536 /* PersonalSkillListViewController.swift */,
				347EB55C27F9EC37006DA78E /* ChangePasswordViewController.swift */,
			);
			path = Profile;
			sourceTree = "<group>";
		};
		342B65BD27DBDD8900A78536 /* Exchanges */ = {
			isa = PBXGroup;
			children = (
				342B65C127DBDDB400A78536 /* ExchangesViewController.swift */,
			);
			path = Exchanges;
			sourceTree = "<group>";
		};
		342B65BE27DBDD9000A78536 /* Search */ = {
			isa = PBXGroup;
			children = (
				342B65BF27DBDDA200A78536 /* SearchViewController.swift */,
			);
			path = Search;
			sourceTree = "<group>";
		};
		347375AF27C62DF50029A419 = {
			isa = PBXGroup;
			children = (
				347375BA27C62DF50029A419 /* HSE Sharing */,
				347375B927C62DF50029A419 /* Products */,
			);
			sourceTree = "<group>";
		};
		347375B927C62DF50029A419 /* Products */ = {
			isa = PBXGroup;
			children = (
				347375B827C62DF50029A419 /* HSE Sharing.app */,
			);
			name = Products;
			sourceTree = "<group>";
		};
		347375BA27C62DF50029A419 /* HSE Sharing */ = {
			isa = PBXGroup;
			children = (
				347375D227C6460F0029A419 /* Model */,
				347375D027C645EF0029A419 /* View */,
				347375D127C645FF0029A419 /* Controller */,
				347375CF27C645E60029A419 /* Tools */,
				347375D927C64C0B0029A419 /* Supporting files */,
				347375DA27C64C270029A419 /* Resources */,
				347375DD27C64C510029A419 /* Supporting data */,
			);
			path = "HSE Sharing";
			sourceTree = "<group>";
		};
		347375CF27C645E60029A419 /* Tools */ = {
			isa = PBXGroup;
			children = (
				347375E027C653C00029A419 /* NetworkManager.swift */,
				347375E227C653D50029A419 /* PhotoManager.swift */,
				347375E427C653E90029A419 /* MemoryManager.swift */,
				34AB122627FDDD530027AC20 /* String + Extension.swift */,
			);
			path = Tools;
			sourceTree = "<group>";
		};
		347375D027C645EF0029A419 /* View */ = {
			isa = PBXGroup;
			children = (
				34CBC5AF27DBA84B0082FAF0 /* Profile */,
				34CBC5A427DBA5B90082FAF0 /* Chat */,
				34CBC5B027DBA8590082FAF0 /* Exchanges */,
				34CBC5B127DBA86F0082FAF0 /* Search */,
				347375C627C62DF70029A419 /* LaunchScreen.storyboard */,
			);
			path = View;
			sourceTree = "<group>";
		};
		347375D127C645FF0029A419 /* Controller */ = {
			isa = PBXGroup;
			children = (
				342B65B827DBC6D100A78536 /* Profile */,
				34CBC5A127DB64FA0082FAF0 /* Chat */,
				342B65BD27DBDD8900A78536 /* Exchanges */,
				342B65BE27DBDD9000A78536 /* Search */,
				34CBC5B227DBA9BE0082FAF0 /* RootTabBarViewController.swift */,
			);
			path = Controller;
			sourceTree = "<group>";
		};
		347375D227C6460F0029A419 /* Model */ = {
			isa = PBXGroup;
			children = (
				347375D327C646510029A419 /* Transaction.swift */,
				34B13E8827FA33740055E6ED /* Feedback.swift */,
				34B13E8A27FAB3A90055E6ED /* Conversation.swift */,
				347375D527C647470029A419 /* Skill.swift */,
				347375D727C647520029A419 /* User.swift */,
				34CBC59B27DB632A0082FAF0 /* ChatMessage.swift */,
			);
			path = Model;
			sourceTree = "<group>";
		};
		347375D927C64C0B0029A419 /* Supporting files */ = {
			isa = PBXGroup;
			children = (
				347375BB27C62DF50029A419 /* AppDelegate.swift */,
				347375C927C62DF70029A419 /* Info.plist */,
			);
			path = "Supporting files";
			sourceTree = "<group>";
		};
		347375DA27C64C270029A419 /* Resources */ = {
			isa = PBXGroup;
			children = (
				347375C427C62DF70029A419 /* Assets.xcassets */,
				34CBC59D27DB64840082FAF0 /* Api.swift */,
			);
			path = Resources;
			sourceTree = "<group>";
		};
		347375DD27C64C510029A419 /* Supporting data */ = {
			isa = PBXGroup;
			children = (
				347375DB27C64C410029A419 /* DataInEnglish.swift */,
				347375DE27C64C640029A419 /* DataInRussian.swift */,
			);
			path = "Supporting data";
			sourceTree = "<group>";
		};
		34AB122A27FDDD9D0027AC20 /* ProfileViewController */ = {
			isa = PBXGroup;
			children = (
				342B65B927DBC6E800A78536 /* ProfileViewController.swift */,
				34AB122827FDDD780027AC20 /* ProfileViewController + UIText.swift */,
				347EB55A27F97EDD006DA78E /* ProfileViewController + UIImageExtension.swift */,
				347EB55827F97EA7006DA78E /* ProfileViewController + UIPickerExtension.swift */,
			);
			path = ProfileViewController;
			sourceTree = "<group>";
		};
		34CBC5A127DB64FA0082FAF0 /* Chat */ = {
			isa = PBXGroup;
			children = (
				34CBC59F27DB64F10082FAF0 /* ConversationsListViewController.swift */,
				34CBC5A227DB6C9A0082FAF0 /* ConversationViewController.swift */,
			);
			path = Chat;
			sourceTree = "<group>";
		};
		34CBC5A427DBA5B90082FAF0 /* Chat */ = {
			isa = PBXGroup;
			children = (
				34CBC5A527DBA5C50082FAF0 /* EntryMessageView.swift */,
				34CBC5AB27DBA6270082FAF0 /* EntryMessageView.xib */,
				34CBC5A727DBA5DE0082FAF0 /* ChatMessageCell.swift */,
				34CBC5AD27DBA6980082FAF0 /* ConversationTableViewCell.xib */,
				34CBC5A927DBA6000082FAF0 /* ConversationTableViewCell.swift */,
			);
			path = Chat;
			sourceTree = "<group>";
		};
		34CBC5AF27DBA84B0082FAF0 /* Profile */ = {
			isa = PBXGroup;
			children = (
				342B65BB27DBCC7500A78536 /* Profile.storyboard */,
				342B65C927DE300600A78536 /* PersonalSkillList.storyboard */,
				342B65CB27DE322500A78536 /* PersonalSkillCell.swift */,
				342B65CD27DE503700A78536 /* PersonalSkillCell.xib */,
			);
			path = Profile;
			sourceTree = "<group>";
		};
		34CBC5B027DBA8590082FAF0 /* Exchanges */ = {
			isa = PBXGroup;
			children = (
				34B2BF0327DF1D5A00E849A0 /* ExchangeCell.xib */,
				34B2BF0527DF1D6A00E849A0 /* ExchangeCell.swift */,
			);
			path = Exchanges;
			sourceTree = "<group>";
		};
		34CBC5B127DBA86F0082FAF0 /* Search */ = {
			isa = PBXGroup;
			children = (
				34F4A88627DE866200C51CE2 /* SearchSkillCell.xib */,
				34F4A88827DE8E5E00C51CE2 /* SearchSkillCell.swift */,
			);
			path = Search;
			sourceTree = "<group>";
		};
/* End PBXGroup section */

/* Begin PBXNativeTarget section */
		347375B727C62DF50029A419 /* HSE Sharing */ = {
			isa = PBXNativeTarget;
			buildConfigurationList = 347375CC27C62DF70029A419 /* Build configuration list for PBXNativeTarget "HSE Sharing" */;
			buildPhases = (
				347375B427C62DF50029A419 /* Sources */,
				347375B527C62DF50029A419 /* Frameworks */,
				347375B627C62DF50029A419 /* Resources */,
			);
			buildRules = (
			);
			dependencies = (
			);
			name = "HSE Sharing";
			productName = "HSE Sharing";
			productReference = 347375B827C62DF50029A419 /* HSE Sharing.app */;
			productType = "com.apple.product-type.application";
		};
/* End PBXNativeTarget section */

/* Begin PBXProject section */
		347375B027C62DF50029A419 /* Project object */ = {
			isa = PBXProject;
			attributes = {
				BuildIndependentTargetsInParallel = 1;
				LastSwiftUpdateCheck = 1320;
				LastUpgradeCheck = 1320;
				TargetAttributes = {
					347375B727C62DF50029A419 = {
						CreatedOnToolsVersion = 13.2.1;
					};
				};
			};
			buildConfigurationList = 347375B327C62DF50029A419 /* Build configuration list for PBXProject "HSE Sharing" */;
			compatibilityVersion = "Xcode 13.0";
			developmentRegion = en;
			hasScannedForEncodings = 0;
			knownRegions = (
				en,
				Base,
			);
			mainGroup = 347375AF27C62DF50029A419;
			productRefGroup = 347375B927C62DF50029A419 /* Products */;
			projectDirPath = "";
			projectRoot = "";
			targets = (
				347375B727C62DF50029A419 /* HSE Sharing */,
			);
		};
/* End PBXProject section */

/* Begin PBXResourcesBuildPhase section */
		347375B627C62DF50029A419 /* Resources */ = {
			isa = PBXResourcesBuildPhase;
			buildActionMask = 2147483647;
			files = (
				342B65CE27DE503700A78536 /* PersonalSkillCell.xib in Resources */,
				34F4A88727DE866200C51CE2 /* SearchSkillCell.xib in Resources */,
				342B65BC27DBCC7500A78536 /* Profile.storyboard in Resources */,
				34CBC5AE27DBA6980082FAF0 /* ConversationTableViewCell.xib in Resources */,
				342B65CA27DE300600A78536 /* PersonalSkillList.storyboard in Resources */,
				347375C827C62DF70029A419 /* LaunchScreen.storyboard in Resources */,
				347375C527C62DF70029A419 /* Assets.xcassets in Resources */,
				34B2BF0427DF1D5A00E849A0 /* ExchangeCell.xib in Resources */,
				34CBC5AC27DBA6270082FAF0 /* EntryMessageView.xib in Resources */,
			);
			runOnlyForDeploymentPostprocessing = 0;
		};
/* End PBXResourcesBuildPhase section */

/* Begin PBXSourcesBuildPhase section */
		347375B427C62DF50029A419 /* Sources */ = {
			isa = PBXSourcesBuildPhase;
			buildActionMask = 2147483647;
			files = (
				34B2BF0627DF1D6A00E849A0 /* ExchangeCell.swift in Sources */,
				347375E127C653C00029A419 /* NetworkManager.swift in Sources */,
				34AB122727FDDD530027AC20 /* String + Extension.swift in Sources */,
				34AB122927FDDD780027AC20 /* ProfileViewController + UIText.swift in Sources */,
				34B13E8B27FAB3A90055E6ED /* Conversation.swift in Sources */,
				34CBC5A627DBA5C50082FAF0 /* EntryMessageView.swift in Sources */,
				34CBC59C27DB632A0082FAF0 /* ChatMessage.swift in Sources */,
				342B65C627DE285800A78536 /* PersonalSkillListViewController.swift in Sources */,
				347375D427C646510029A419 /* Transaction.swift in Sources */,
				347375DC27C64C410029A419 /* DataInEnglish.swift in Sources */,
				347375D827C647520029A419 /* User.swift in Sources */,
				347375DF27C64C640029A419 /* DataInRussian.swift in Sources */,
				347EB55B27F97EDD006DA78E /* ProfileViewController + UIImageExtension.swift in Sources */,
				347375D627C647470029A419 /* Skill.swift in Sources */,
				342B65BA27DBC6E800A78536 /* ProfileViewController.swift in Sources */,
				347EB55D27F9EC37006DA78E /* ChangePasswordViewController.swift in Sources */,
				347375BC27C62DF50029A419 /* AppDelegate.swift in Sources */,
				342B65C027DBDDA200A78536 /* SearchViewController.swift in Sources */,
				34F4A88927DE8E5E00C51CE2 /* SearchSkillCell.swift in Sources */,
				34CBC5A327DB6C9A0082FAF0 /* ConversationViewController.swift in Sources */,
				347EB55927F97EA7006DA78E /* ProfileViewController + UIPickerExtension.swift in Sources */,
				347375E527C653E90029A419 /* MemoryManager.swift in Sources */,
				34CBC5B327DBA9BE0082FAF0 /* RootTabBarViewController.swift in Sources */,
				34CBC5A027DB64F10082FAF0 /* ConversationsListViewController.swift in Sources */,
				34CBC5AA27DBA6000082FAF0 /* ConversationTableViewCell.swift in Sources */,
				347375E327C653D50029A419 /* PhotoManager.swift in Sources */,
				34CBC5A827DBA5DE0082FAF0 /* ChatMessageCell.swift in Sources */,
				34CBC59E27DB64840082FAF0 /* Api.swift in Sources */,
				342B65C227DBDDB400A78536 /* ExchangesViewController.swift in Sources */,
				34B13E8927FA33740055E6ED /* Feedback.swift in Sources */,
				342B65CC27DE322500A78536 /* PersonalSkillCell.swift in Sources */,
			);
			runOnlyForDeploymentPostprocessing = 0;
		};
/* End PBXSourcesBuildPhase section */

/* Begin PBXVariantGroup section */
		347375C627C62DF70029A419 /* LaunchScreen.storyboard */ = {
			isa = PBXVariantGroup;
			children = (
				347375C727C62DF70029A419 /* Base */,
			);
			name = LaunchScreen.storyboard;
			sourceTree = "<group>";
		};
/* End PBXVariantGroup section */

/* Begin XCBuildConfiguration section */
		347375CA27C62DF70029A419 /* Debug */ = {
			isa = XCBuildConfiguration;
			buildSettings = {
				ALWAYS_SEARCH_USER_PATHS = NO;
				CLANG_ANALYZER_NONNULL = YES;
				CLANG_ANALYZER_NUMBER_OBJECT_CONVERSION = YES_AGGRESSIVE;
				CLANG_CXX_LANGUAGE_STANDARD = "gnu++17";
				CLANG_CXX_LIBRARY = "libc++";
				CLANG_ENABLE_MODULES = YES;
				CLANG_ENABLE_OBJC_ARC = YES;
				CLANG_ENABLE_OBJC_WEAK = YES;
				CLANG_WARN_BLOCK_CAPTURE_AUTORELEASING = YES;
				CLANG_WARN_BOOL_CONVERSION = YES;
				CLANG_WARN_COMMA = YES;
				CLANG_WARN_CONSTANT_CONVERSION = YES;
				CLANG_WARN_DEPRECATED_OBJC_IMPLEMENTATIONS = YES;
				CLANG_WARN_DIRECT_OBJC_ISA_USAGE = YES_ERROR;
				CLANG_WARN_DOCUMENTATION_COMMENTS = YES;
				CLANG_WARN_EMPTY_BODY = YES;
				CLANG_WARN_ENUM_CONVERSION = YES;
				CLANG_WARN_INFINITE_RECURSION = YES;
				CLANG_WARN_INT_CONVERSION = YES;
				CLANG_WARN_NON_LITERAL_NULL_CONVERSION = YES;
				CLANG_WARN_OBJC_IMPLICIT_RETAIN_SELF = YES;
				CLANG_WARN_OBJC_LITERAL_CONVERSION = YES;
				CLANG_WARN_OBJC_ROOT_CLASS = YES_ERROR;
				CLANG_WARN_QUOTED_INCLUDE_IN_FRAMEWORK_HEADER = YES;
				CLANG_WARN_RANGE_LOOP_ANALYSIS = YES;
				CLANG_WARN_STRICT_PROTOTYPES = YES;
				CLANG_WARN_SUSPICIOUS_MOVE = YES;
				CLANG_WARN_UNGUARDED_AVAILABILITY = YES_AGGRESSIVE;
				CLANG_WARN_UNREACHABLE_CODE = YES;
				CLANG_WARN__DUPLICATE_METHOD_MATCH = YES;
				COPY_PHASE_STRIP = NO;
				DEBUG_INFORMATION_FORMAT = dwarf;
				ENABLE_STRICT_OBJC_MSGSEND = YES;
				ENABLE_TESTABILITY = YES;
				GCC_C_LANGUAGE_STANDARD = gnu11;
				GCC_DYNAMIC_NO_PIC = NO;
				GCC_NO_COMMON_BLOCKS = YES;
				GCC_OPTIMIZATION_LEVEL = 0;
				GCC_PREPROCESSOR_DEFINITIONS = (
					"DEBUG=1",
					"$(inherited)",
				);
				GCC_WARN_64_TO_32_BIT_CONVERSION = YES;
				GCC_WARN_ABOUT_RETURN_TYPE = YES_ERROR;
				GCC_WARN_UNDECLARED_SELECTOR = YES;
				GCC_WARN_UNINITIALIZED_AUTOS = YES_AGGRESSIVE;
				GCC_WARN_UNUSED_FUNCTION = YES;
				GCC_WARN_UNUSED_VARIABLE = YES;
				IPHONEOS_DEPLOYMENT_TARGET = 14.0;
				MTL_ENABLE_DEBUG_INFO = INCLUDE_SOURCE;
				MTL_FAST_MATH = YES;
				ONLY_ACTIVE_ARCH = YES;
				SDKROOT = iphoneos;
				SWIFT_ACTIVE_COMPILATION_CONDITIONS = DEBUG;
				SWIFT_OPTIMIZATION_LEVEL = "-Onone";
			};
			name = Debug;
		};
		347375CB27C62DF70029A419 /* Release */ = {
			isa = XCBuildConfiguration;
			buildSettings = {
				ALWAYS_SEARCH_USER_PATHS = NO;
				CLANG_ANALYZER_NONNULL = YES;
				CLANG_ANALYZER_NUMBER_OBJECT_CONVERSION = YES_AGGRESSIVE;
				CLANG_CXX_LANGUAGE_STANDARD = "gnu++17";
				CLANG_CXX_LIBRARY = "libc++";
				CLANG_ENABLE_MODULES = YES;
				CLANG_ENABLE_OBJC_ARC = YES;
				CLANG_ENABLE_OBJC_WEAK = YES;
				CLANG_WARN_BLOCK_CAPTURE_AUTORELEASING = YES;
				CLANG_WARN_BOOL_CONVERSION = YES;
				CLANG_WARN_COMMA = YES;
				CLANG_WARN_CONSTANT_CONVERSION = YES;
				CLANG_WARN_DEPRECATED_OBJC_IMPLEMENTATIONS = YES;
				CLANG_WARN_DIRECT_OBJC_ISA_USAGE = YES_ERROR;
				CLANG_WARN_DOCUMENTATION_COMMENTS = YES;
				CLANG_WARN_EMPTY_BODY = YES;
				CLANG_WARN_ENUM_CONVERSION = YES;
				CLANG_WARN_INFINITE_RECURSION = YES;
				CLANG_WARN_INT_CONVERSION = YES;
				CLANG_WARN_NON_LITERAL_NULL_CONVERSION = YES;
				CLANG_WARN_OBJC_IMPLICIT_RETAIN_SELF = YES;
				CLANG_WARN_OBJC_LITERAL_CONVERSION = YES;
				CLANG_WARN_OBJC_ROOT_CLASS = YES_ERROR;
				CLANG_WARN_QUOTED_INCLUDE_IN_FRAMEWORK_HEADER = YES;
				CLANG_WARN_RANGE_LOOP_ANALYSIS = YES;
				CLANG_WARN_STRICT_PROTOTYPES = YES;
				CLANG_WARN_SUSPICIOUS_MOVE = YES;
				CLANG_WARN_UNGUARDED_AVAILABILITY = YES_AGGRESSIVE;
				CLANG_WARN_UNREACHABLE_CODE = YES;
				CLANG_WARN__DUPLICATE_METHOD_MATCH = YES;
				COPY_PHASE_STRIP = NO;
				DEBUG_INFORMATION_FORMAT = "dwarf-with-dsym";
				ENABLE_NS_ASSERTIONS = NO;
				ENABLE_STRICT_OBJC_MSGSEND = YES;
				GCC_C_LANGUAGE_STANDARD = gnu11;
				GCC_NO_COMMON_BLOCKS = YES;
				GCC_WARN_64_TO_32_BIT_CONVERSION = YES;
				GCC_WARN_ABOUT_RETURN_TYPE = YES_ERROR;
				GCC_WARN_UNDECLARED_SELECTOR = YES;
				GCC_WARN_UNINITIALIZED_AUTOS = YES_AGGRESSIVE;
				GCC_WARN_UNUSED_FUNCTION = YES;
				GCC_WARN_UNUSED_VARIABLE = YES;
				IPHONEOS_DEPLOYMENT_TARGET = 14.0;
				MTL_ENABLE_DEBUG_INFO = NO;
				MTL_FAST_MATH = YES;
				SDKROOT = iphoneos;
				SWIFT_COMPILATION_MODE = wholemodule;
				SWIFT_OPTIMIZATION_LEVEL = "-O";
				VALIDATE_PRODUCT = YES;
			};
			name = Release;
		};
		347375CD27C62DF70029A419 /* Debug */ = {
			isa = XCBuildConfiguration;
			buildSettings = {
				ASSETCATALOG_COMPILER_APPICON_NAME = AppIcon;
				ASSETCATALOG_COMPILER_GLOBAL_ACCENT_COLOR_NAME = AccentColor;
				CODE_SIGN_STYLE = Automatic;
				CURRENT_PROJECT_VERSION = 1;
				DEVELOPMENT_TEAM = LNN66QAR2T;
				GENERATE_INFOPLIST_FILE = YES;
				INFOPLIST_FILE = "HSE Sharing/Supporting files/Info.plist";
				INFOPLIST_KEY_UIApplicationSupportsIndirectInputEvents = YES;
				INFOPLIST_KEY_UILaunchStoryboardName = LaunchScreen;
				INFOPLIST_KEY_UISupportedInterfaceOrientations = UIInterfaceOrientationPortrait;
				INFOPLIST_KEY_UISupportedInterfaceOrientations_iPhone = UIInterfaceOrientationPortrait;
				IPHONEOS_DEPLOYMENT_TARGET = 14.0;
				LD_RUNPATH_SEARCH_PATHS = (
					"$(inherited)",
					"@executable_path/Frameworks",
				);
				MARKETING_VERSION = 1.0;
				"MTL_ENABLE_DEBUG_INFO[arch=*]" = INCLUDE_SOURCE;
				PRODUCT_BUNDLE_IDENTIFIER = "shtanko.ekaterina.HSE-Sharing";
				PRODUCT_NAME = "$(TARGET_NAME)";
				SWIFT_EMIT_LOC_STRINGS = YES;
				SWIFT_VERSION = 5.0;
				TARGETED_DEVICE_FAMILY = 1;
			};
			name = Debug;
		};
		347375CE27C62DF70029A419 /* Release */ = {
			isa = XCBuildConfiguration;
			buildSettings = {
				ASSETCATALOG_COMPILER_APPICON_NAME = AppIcon;
				ASSETCATALOG_COMPILER_GLOBAL_ACCENT_COLOR_NAME = AccentColor;
				CODE_SIGN_STYLE = Automatic;
				CURRENT_PROJECT_VERSION = 1;
				DEVELOPMENT_TEAM = LNN66QAR2T;
				GENERATE_INFOPLIST_FILE = YES;
				INFOPLIST_FILE = "HSE Sharing/Supporting files/Info.plist";
				INFOPLIST_KEY_UIApplicationSupportsIndirectInputEvents = YES;
				INFOPLIST_KEY_UILaunchStoryboardName = LaunchScreen;
				INFOPLIST_KEY_UISupportedInterfaceOrientations = UIInterfaceOrientationPortrait;
				INFOPLIST_KEY_UISupportedInterfaceOrientations_iPhone = UIInterfaceOrientationPortrait;
				IPHONEOS_DEPLOYMENT_TARGET = 14.0;
				LD_RUNPATH_SEARCH_PATHS = (
					"$(inherited)",
					"@executable_path/Frameworks",
				);
				MARKETING_VERSION = 1.0;
				PRODUCT_BUNDLE_IDENTIFIER = "shtanko.ekaterina.HSE-Sharing";
				PRODUCT_NAME = "$(TARGET_NAME)";
				SWIFT_EMIT_LOC_STRINGS = YES;
				SWIFT_VERSION = 5.0;
				TARGETED_DEVICE_FAMILY = 1;
			};
			name = Release;
		};
/* End XCBuildConfiguration section */

/* Begin XCConfigurationList section */
		347375B327C62DF50029A419 /* Build configuration list for PBXProject "HSE Sharing" */ = {
			isa = XCConfigurationList;
			buildConfigurations = (
				347375CA27C62DF70029A419 /* Debug */,
				347375CB27C62DF70029A419 /* Release */,
			);
			defaultConfigurationIsVisible = 0;
			defaultConfigurationName = Release;
		};
		347375CC27C62DF70029A419 /* Build configuration list for PBXNativeTarget "HSE Sharing" */ = {
			isa = XCConfigurationList;
			buildConfigurations = (
				347375CD27C62DF70029A419 /* Debug */,
				347375CE27C62DF70029A419 /* Release */,
			);
			defaultConfigurationIsVisible = 0;
			defaultConfigurationName = Release;
		};
/* End XCConfigurationList section */
	};
	rootObject = 347375B027C62DF50029A419 /* Project object */;
}
