// !$*UTF8*$!
{
	archiveVersion = 1;
	classes = {
	};
	objectVersion = 55;
	objects = {

/* Begin PBXBuildFile section */
		0F47A3218D9B330A4438479D /* Pods_HSE_Sharing.framework in Frameworks */ = {isa = PBXBuildFile; fileRef = 438E725E6EA3AA2F2DF2F9AC /* Pods_HSE_Sharing.framework */; };
		340E96862807422C008A1F9B /* NetworkManager + Chat.swift in Sources */ = {isa = PBXBuildFile; fileRef = 340E96852807422C008A1F9B /* NetworkManager + Chat.swift */; };
		340E969928099AE0008A1F9B /* SelectionOfParametersViewController + UIPickerView.swift in Sources */ = {isa = PBXBuildFile; fileRef = 340E969828099ADF008A1F9B /* SelectionOfParametersViewController + UIPickerView.swift */; };
		340E969B2809E2DA008A1F9B /* NewExchangeScreen.storyboard in Resources */ = {isa = PBXBuildFile; fileRef = 340E969A2809E2DA008A1F9B /* NewExchangeScreen.storyboard */; };
		340E969D280AABD6008A1F9B /* NewExchangeViewController.swift in Sources */ = {isa = PBXBuildFile; fileRef = 340E969C280AABD6008A1F9B /* NewExchangeViewController.swift */; };
		340E96A1280B0C8A008A1F9B /* CurrentExchanges.storyboard in Resources */ = {isa = PBXBuildFile; fileRef = 340E96A0280B0C89008A1F9B /* CurrentExchanges.storyboard */; };
		340E96A3280B0CBF008A1F9B /* CompletedExchanges.storyboard in Resources */ = {isa = PBXBuildFile; fileRef = 340E96A2280B0CBF008A1F9B /* CompletedExchanges.storyboard */; };
		340E96A5280B0CE9008A1F9B /* IncomeExchanges.storyboard in Resources */ = {isa = PBXBuildFile; fileRef = 340E96A4280B0CE9008A1F9B /* IncomeExchanges.storyboard */; };
		340E96A7280B0CFA008A1F9B /* OutcomeExchanges.storyboard in Resources */ = {isa = PBXBuildFile; fileRef = 340E96A6280B0CFA008A1F9B /* OutcomeExchanges.storyboard */; };
		340E96A9280B0D3B008A1F9B /* CompletedExchangesViewController.swift in Sources */ = {isa = PBXBuildFile; fileRef = 340E96A8280B0D3B008A1F9B /* CompletedExchangesViewController.swift */; };
		340E96AB280B0D45008A1F9B /* IncomeExchangesViewController.swift in Sources */ = {isa = PBXBuildFile; fileRef = 340E96AA280B0D45008A1F9B /* IncomeExchangesViewController.swift */; };
		340E96AD280B0D50008A1F9B /* OutcomeExchangesViewController.swift in Sources */ = {isa = PBXBuildFile; fileRef = 340E96AC280B0D50008A1F9B /* OutcomeExchangesViewController.swift */; };
		342B65BA27DBC6E800A78536 /* ProfileViewController.swift in Sources */ = {isa = PBXBuildFile; fileRef = 342B65B927DBC6E800A78536 /* ProfileViewController.swift */; };
		342B65BC27DBCC7500A78536 /* Profile.storyboard in Resources */ = {isa = PBXBuildFile; fileRef = 342B65BB27DBCC7500A78536 /* Profile.storyboard */; };
		342B65C027DBDDA200A78536 /* SearchViewController.swift in Sources */ = {isa = PBXBuildFile; fileRef = 342B65BF27DBDDA200A78536 /* SearchViewController.swift */; };
		342B65C227DBDDB400A78536 /* ExchangesViewController.swift in Sources */ = {isa = PBXBuildFile; fileRef = 342B65C127DBDDB400A78536 /* ExchangesViewController.swift */; };
		342B65C627DE285800A78536 /* PersonalSkillListViewController.swift in Sources */ = {isa = PBXBuildFile; fileRef = 342B65C527DE285800A78536 /* PersonalSkillListViewController.swift */; };
		342B65CA27DE300600A78536 /* PersonalSkillList.storyboard in Resources */ = {isa = PBXBuildFile; fileRef = 342B65C927DE300600A78536 /* PersonalSkillList.storyboard */; };
		342B65CC27DE322500A78536 /* PersonalSkillCell.swift in Sources */ = {isa = PBXBuildFile; fileRef = 342B65CB27DE322500A78536 /* PersonalSkillCell.swift */; };
		342B65CE27DE503700A78536 /* PersonalSkillCell.xib in Resources */ = {isa = PBXBuildFile; fileRef = 342B65CD27DE503700A78536 /* PersonalSkillCell.xib */; };
		34449AD927FE3124002763CD /* SkillEditScreen.storyboard in Resources */ = {isa = PBXBuildFile; fileRef = 34449AD827FE3124002763CD /* SkillEditScreen.storyboard */; };
		34449ADD27FE316C002763CD /* SkillEditViewController.swift in Sources */ = {isa = PBXBuildFile; fileRef = 34449ADC27FE316C002763CD /* SkillEditViewController.swift */; };
		34449ADF27FE3E48002763CD /* EnterScreen.storyboard in Resources */ = {isa = PBXBuildFile; fileRef = 34449ADE27FE3E48002763CD /* EnterScreen.storyboard */; };
		344DA31828127C480028020E /* ConversationViewController + SendMessageMethods.swift in Sources */ = {isa = PBXBuildFile; fileRef = 344DA31728127C480028020E /* ConversationViewController + SendMessageMethods.swift */; };
		344DA31A28127C720028020E /* ConversationViewController + UITableViewExtensions.swift in Sources */ = {isa = PBXBuildFile; fileRef = 344DA31928127C720028020E /* ConversationViewController + UITableViewExtensions.swift */; };
		344DA31C28127D0F0028020E /* KeyboardInfo.swift in Sources */ = {isa = PBXBuildFile; fileRef = 344DA31B28127D0F0028020E /* KeyboardInfo.swift */; };
		344DA31E28128EF50028020E /* NetworkManager + Conversations.swift in Sources */ = {isa = PBXBuildFile; fileRef = 344DA31D28128EF50028020E /* NetworkManager + Conversations.swift */; };
		344DA3202812986A0028020E /* ForeignProfile.storyboard in Resources */ = {isa = PBXBuildFile; fileRef = 344DA31F2812986A0028020E /* ForeignProfile.storyboard */; };
		344DA323281299AA0028020E /* ForeignProfileViewController.swift in Sources */ = {isa = PBXBuildFile; fileRef = 344DA322281299AA0028020E /* ForeignProfileViewController.swift */; };
		344DA325281339120028020E /* NetworkManager + Messages.swift in Sources */ = {isa = PBXBuildFile; fileRef = 344DA324281339120028020E /* NetworkManager + Messages.swift */; };
		344DA3272813FDAF0028020E /* NetworkManager + Feedbacks.swift in Sources */ = {isa = PBXBuildFile; fileRef = 344DA3262813FDAF0028020E /* NetworkManager + Feedbacks.swift */; };
		345C17EA2801668200ED5526 /* Button + Extension.swift in Sources */ = {isa = PBXBuildFile; fileRef = 345C17E92801668200ED5526 /* Button + Extension.swift */; };
		345C17EC280169D600ED5526 /* TextField + Extension.swift in Sources */ = {isa = PBXBuildFile; fileRef = 345C17EB280169D600ED5526 /* TextField + Extension.swift */; };
		345C180E2801750B00ED5526 /* SceneDelegate.swift in Sources */ = {isa = PBXBuildFile; fileRef = 345C180D2801750B00ED5526 /* SceneDelegate.swift */; };
		3467E2BE2805F6CD004A34F7 /* NetworkManager + Transaction.swift in Sources */ = {isa = PBXBuildFile; fileRef = 3467E2BD2805F6CD004A34F7 /* NetworkManager + Transaction.swift */; };
		3467E2C4280731CF004A34F7 /* CurrentExchangeCell.xib in Resources */ = {isa = PBXBuildFile; fileRef = 3467E2C3280731CF004A34F7 /* CurrentExchangeCell.xib */; };
		3467E2C6280731D7004A34F7 /* CurrentExchangeCell.swift in Sources */ = {isa = PBXBuildFile; fileRef = 3467E2C5280731D7004A34F7 /* CurrentExchangeCell.swift */; };
		3467E2C8280731E5004A34F7 /* IncomeExchangeCell.swift in Sources */ = {isa = PBXBuildFile; fileRef = 3467E2C7280731E5004A34F7 /* IncomeExchangeCell.swift */; };
		3467E2CA280731EE004A34F7 /* IncomeExchangeCell.xib in Resources */ = {isa = PBXBuildFile; fileRef = 3467E2C9280731EE004A34F7 /* IncomeExchangeCell.xib */; };
		3467E2CC28073200004A34F7 /* OutcomeExchangeCell.swift in Sources */ = {isa = PBXBuildFile; fileRef = 3467E2CB28073200004A34F7 /* OutcomeExchangeCell.swift */; };
		3467E2CE28073209004A34F7 /* OutcomeExchangeCell.xib in Resources */ = {isa = PBXBuildFile; fileRef = 3467E2CD28073209004A34F7 /* OutcomeExchangeCell.xib */; };
		347375BC27C62DF50029A419 /* AppDelegate.swift in Sources */ = {isa = PBXBuildFile; fileRef = 347375BB27C62DF50029A419 /* AppDelegate.swift */; };
		347375C527C62DF70029A419 /* Assets.xcassets in Resources */ = {isa = PBXBuildFile; fileRef = 347375C427C62DF70029A419 /* Assets.xcassets */; };
		347375C827C62DF70029A419 /* LaunchScreen.storyboard in Resources */ = {isa = PBXBuildFile; fileRef = 347375C627C62DF70029A419 /* LaunchScreen.storyboard */; };
		347375D427C646510029A419 /* Transaction.swift in Sources */ = {isa = PBXBuildFile; fileRef = 347375D327C646510029A419 /* Transaction.swift */; };
		347375D627C647470029A419 /* Skill.swift in Sources */ = {isa = PBXBuildFile; fileRef = 347375D527C647470029A419 /* Skill.swift */; };
		347375D827C647520029A419 /* User.swift in Sources */ = {isa = PBXBuildFile; fileRef = 347375D727C647520029A419 /* User.swift */; };
		347375DC27C64C410029A419 /* DataInEnglish.swift in Sources */ = {isa = PBXBuildFile; fileRef = 347375DB27C64C410029A419 /* DataInEnglish.swift */; };
		347375DF27C64C640029A419 /* DataInRussian.swift in Sources */ = {isa = PBXBuildFile; fileRef = 347375DE27C64C640029A419 /* DataInRussian.swift */; };
		347375E127C653C00029A419 /* NetworkManager.swift in Sources */ = {isa = PBXBuildFile; fileRef = 347375E027C653C00029A419 /* NetworkManager.swift */; };
		347375E527C653E90029A419 /* MemoryManager.swift in Sources */ = {isa = PBXBuildFile; fileRef = 347375E427C653E90029A419 /* MemoryManager.swift */; };
		347EB55927F97EA7006DA78E /* ProfileViewController + UIPickerExtension.swift in Sources */ = {isa = PBXBuildFile; fileRef = 347EB55827F97EA7006DA78E /* ProfileViewController + UIPickerExtension.swift */; };
		347EB55B27F97EDD006DA78E /* ProfileViewController + UIImageExtension.swift in Sources */ = {isa = PBXBuildFile; fileRef = 347EB55A27F97EDD006DA78E /* ProfileViewController + UIImageExtension.swift */; };
		347EB55D27F9EC37006DA78E /* ChangePasswordViewController.swift in Sources */ = {isa = PBXBuildFile; fileRef = 347EB55C27F9EC37006DA78E /* ChangePasswordViewController.swift */; };
		34841C642805C3390041124D /* NetworkManager + Skills.swift in Sources */ = {isa = PBXBuildFile; fileRef = 34841C632805C3390041124D /* NetworkManager + Skills.swift */; };
		348C2F1E280219AE00551F71 /* LeaveCommentScreen.storyboard in Resources */ = {isa = PBXBuildFile; fileRef = 348C2F1D280219AE00551F71 /* LeaveCommentScreen.storyboard */; };
		348C2F2028021BB400551F71 /* LeaveCommentViewController.swift in Sources */ = {isa = PBXBuildFile; fileRef = 348C2F1F28021BB400551F71 /* LeaveCommentViewController.swift */; };
		348C2F222802272700551F71 /* SelectionOfParametersScreen.storyboard in Resources */ = {isa = PBXBuildFile; fileRef = 348C2F212802272700551F71 /* SelectionOfParametersScreen.storyboard */; };
		348C2F242802274200551F71 /* SelectionOfParametersViewController.swift in Sources */ = {isa = PBXBuildFile; fileRef = 348C2F232802274200551F71 /* SelectionOfParametersViewController.swift */; };
		34AB122727FDDD530027AC20 /* String + Extension.swift in Sources */ = {isa = PBXBuildFile; fileRef = 34AB122627FDDD530027AC20 /* String + Extension.swift */; };
		34AB122927FDDD780027AC20 /* ProfileViewController + UIText.swift in Sources */ = {isa = PBXBuildFile; fileRef = 34AB122827FDDD780027AC20 /* ProfileViewController + UIText.swift */; };
		34B13E8927FA33740055E6ED /* Feedback.swift in Sources */ = {isa = PBXBuildFile; fileRef = 34B13E8827FA33740055E6ED /* Feedback.swift */; };
		34B13E8B27FAB3A90055E6ED /* Conversation.swift in Sources */ = {isa = PBXBuildFile; fileRef = 34B13E8A27FAB3A90055E6ED /* Conversation.swift */; };
		34B1B3A828041BE800F14EFB /* NetworkManager + User.swift in Sources */ = {isa = PBXBuildFile; fileRef = 34B1B3A728041BE800F14EFB /* NetworkManager + User.swift */; };
		34B1B3AA28041C5400F14EFB /* NetworkError.swift in Sources */ = {isa = PBXBuildFile; fileRef = 34B1B3A928041C5400F14EFB /* NetworkError.swift */; };
		34B1B3AC28041C8200F14EFB /* Formatter + Extension.swift in Sources */ = {isa = PBXBuildFile; fileRef = 34B1B3AB28041C8200F14EFB /* Formatter + Extension.swift */; };
		34B1B3AF28043CBB00F14EFB /* Date + Extension.swift in Sources */ = {isa = PBXBuildFile; fileRef = 34B1B3AE28043CBB00F14EFB /* Date + Extension.swift */; };
		34B2BF0427DF1D5A00E849A0 /* СompletedExchangeCell.xib in Resources */ = {isa = PBXBuildFile; fileRef = 34B2BF0327DF1D5A00E849A0 /* СompletedExchangeCell.xib */; };
		34B2BF0627DF1D6A00E849A0 /* СompletedExchangeCell.swift in Sources */ = {isa = PBXBuildFile; fileRef = 34B2BF0527DF1D6A00E849A0 /* СompletedExchangeCell.swift */; };
		34C4C7F12801DAF400769CFC /* ApplicationPreferences.swift in Sources */ = {isa = PBXBuildFile; fileRef = 34C4C7F02801DAF400769CFC /* ApplicationPreferences.swift */; };
		34C4C7F32801DCEE00769CFC /* CommentsViewController.swift in Sources */ = {isa = PBXBuildFile; fileRef = 34C4C7F22801DCEE00769CFC /* CommentsViewController.swift */; };
		34C4C7F52801DD0F00769CFC /* Comments.storyboard in Resources */ = {isa = PBXBuildFile; fileRef = 34C4C7F42801DD0F00769CFC /* Comments.storyboard */; };
		34C4C7F72801FCA600769CFC /* CommentCell.swift in Sources */ = {isa = PBXBuildFile; fileRef = 34C4C7F62801FCA600769CFC /* CommentCell.swift */; };
		34C4C7F92801FCB100769CFC /* CommentCell.xib in Resources */ = {isa = PBXBuildFile; fileRef = 34C4C7F82801FCB100769CFC /* CommentCell.xib */; };
		34CBC59C27DB632A0082FAF0 /* Message.swift in Sources */ = {isa = PBXBuildFile; fileRef = 34CBC59B27DB632A0082FAF0 /* Message.swift */; };
		34CBC5A027DB64F10082FAF0 /* ConversationsListViewController.swift in Sources */ = {isa = PBXBuildFile; fileRef = 34CBC59F27DB64F10082FAF0 /* ConversationsListViewController.swift */; };
		34CBC5A327DB6C9A0082FAF0 /* ConversationViewController.swift in Sources */ = {isa = PBXBuildFile; fileRef = 34CBC5A227DB6C9A0082FAF0 /* ConversationViewController.swift */; };
		34CBC5A627DBA5C50082FAF0 /* EntryMessageView.swift in Sources */ = {isa = PBXBuildFile; fileRef = 34CBC5A527DBA5C50082FAF0 /* EntryMessageView.swift */; };
		34CBC5A827DBA5DE0082FAF0 /* ChatMessageCell.swift in Sources */ = {isa = PBXBuildFile; fileRef = 34CBC5A727DBA5DE0082FAF0 /* ChatMessageCell.swift */; };
		34CBC5AA27DBA6000082FAF0 /* ConversationTableViewCell.swift in Sources */ = {isa = PBXBuildFile; fileRef = 34CBC5A927DBA6000082FAF0 /* ConversationTableViewCell.swift */; };
		34CBC5AC27DBA6270082FAF0 /* EntryMessageView.xib in Resources */ = {isa = PBXBuildFile; fileRef = 34CBC5AB27DBA6270082FAF0 /* EntryMessageView.xib */; };
		34CBC5AE27DBA6980082FAF0 /* ConversationTableViewCell.xib in Resources */ = {isa = PBXBuildFile; fileRef = 34CBC5AD27DBA6980082FAF0 /* ConversationTableViewCell.xib */; };
		34CBC5B327DBA9BE0082FAF0 /* RootTabBarViewController.swift in Sources */ = {isa = PBXBuildFile; fileRef = 34CBC5B227DBA9BE0082FAF0 /* RootTabBarViewController.swift */; };
		34EB7A8C28015EDB0008B4CD /* EnterViewController.swift in Sources */ = {isa = PBXBuildFile; fileRef = 34EB7A8B28015EDB0008B4CD /* EnterViewController.swift */; };
		34EB7A8E28015EF60008B4CD /* EmailViewController.swift in Sources */ = {isa = PBXBuildFile; fileRef = 34EB7A8D28015EF60008B4CD /* EmailViewController.swift */; };
		34EB7A9028015F000008B4CD /* CodeViewController.swift in Sources */ = {isa = PBXBuildFile; fileRef = 34EB7A8F28015F000008B4CD /* CodeViewController.swift */; };
		34EB7A9228015F0C0008B4CD /* RegistrationViewController.swift in Sources */ = {isa = PBXBuildFile; fileRef = 34EB7A9128015F0C0008B4CD /* RegistrationViewController.swift */; };
		34EB7A942801600B0008B4CD /* PasswordRecoveryViewController.swift in Sources */ = {isa = PBXBuildFile; fileRef = 34EB7A932801600B0008B4CD /* PasswordRecoveryViewController.swift */; };
		34F4A88727DE866200C51CE2 /* SearchSkillCell.xib in Resources */ = {isa = PBXBuildFile; fileRef = 34F4A88627DE866200C51CE2 /* SearchSkillCell.xib */; };
		34F4A88927DE8E5E00C51CE2 /* SearchSkillCell.swift in Sources */ = {isa = PBXBuildFile; fileRef = 34F4A88827DE8E5E00C51CE2 /* SearchSkillCell.swift */; };
/* End PBXBuildFile section */

/* Begin PBXFileReference section */
		09230A4C2BBF04A6FFBDE315 /* Pods-HSE Sharing.release.xcconfig */ = {isa = PBXFileReference; includeInIndex = 1; lastKnownFileType = text.xcconfig; name = "Pods-HSE Sharing.release.xcconfig"; path = "Target Support Files/Pods-HSE Sharing/Pods-HSE Sharing.release.xcconfig"; sourceTree = "<group>"; };
		340E96852807422C008A1F9B /* NetworkManager + Chat.swift */ = {isa = PBXFileReference; lastKnownFileType = sourcecode.swift; path = "NetworkManager + Chat.swift"; sourceTree = "<group>"; };
		340E969828099ADF008A1F9B /* SelectionOfParametersViewController + UIPickerView.swift */ = {isa = PBXFileReference; lastKnownFileType = sourcecode.swift; path = "SelectionOfParametersViewController + UIPickerView.swift"; sourceTree = "<group>"; };
		340E969A2809E2DA008A1F9B /* NewExchangeScreen.storyboard */ = {isa = PBXFileReference; lastKnownFileType = file.storyboard; path = NewExchangeScreen.storyboard; sourceTree = "<group>"; };
		340E969C280AABD6008A1F9B /* NewExchangeViewController.swift */ = {isa = PBXFileReference; lastKnownFileType = sourcecode.swift; path = NewExchangeViewController.swift; sourceTree = "<group>"; };
		340E96A0280B0C89008A1F9B /* CurrentExchanges.storyboard */ = {isa = PBXFileReference; lastKnownFileType = file.storyboard; path = CurrentExchanges.storyboard; sourceTree = "<group>"; };
		340E96A2280B0CBF008A1F9B /* CompletedExchanges.storyboard */ = {isa = PBXFileReference; lastKnownFileType = file.storyboard; path = CompletedExchanges.storyboard; sourceTree = "<group>"; };
		340E96A4280B0CE9008A1F9B /* IncomeExchanges.storyboard */ = {isa = PBXFileReference; lastKnownFileType = file.storyboard; path = IncomeExchanges.storyboard; sourceTree = "<group>"; };
		340E96A6280B0CFA008A1F9B /* OutcomeExchanges.storyboard */ = {isa = PBXFileReference; lastKnownFileType = file.storyboard; path = OutcomeExchanges.storyboard; sourceTree = "<group>"; };
		340E96A8280B0D3B008A1F9B /* CompletedExchangesViewController.swift */ = {isa = PBXFileReference; lastKnownFileType = sourcecode.swift; path = CompletedExchangesViewController.swift; sourceTree = "<group>"; };
		340E96AA280B0D45008A1F9B /* IncomeExchangesViewController.swift */ = {isa = PBXFileReference; lastKnownFileType = sourcecode.swift; path = IncomeExchangesViewController.swift; sourceTree = "<group>"; };
		340E96AC280B0D50008A1F9B /* OutcomeExchangesViewController.swift */ = {isa = PBXFileReference; lastKnownFileType = sourcecode.swift; path = OutcomeExchangesViewController.swift; sourceTree = "<group>"; };
		342B65B927DBC6E800A78536 /* ProfileViewController.swift */ = {isa = PBXFileReference; lastKnownFileType = sourcecode.swift; path = ProfileViewController.swift; sourceTree = "<group>"; };
		342B65BB27DBCC7500A78536 /* Profile.storyboard */ = {isa = PBXFileReference; lastKnownFileType = file.storyboard; path = Profile.storyboard; sourceTree = "<group>"; };
		342B65BF27DBDDA200A78536 /* SearchViewController.swift */ = {isa = PBXFileReference; lastKnownFileType = sourcecode.swift; path = SearchViewController.swift; sourceTree = "<group>"; };
		342B65C127DBDDB400A78536 /* ExchangesViewController.swift */ = {isa = PBXFileReference; lastKnownFileType = sourcecode.swift; path = ExchangesViewController.swift; sourceTree = "<group>"; };
		342B65C527DE285800A78536 /* PersonalSkillListViewController.swift */ = {isa = PBXFileReference; lastKnownFileType = sourcecode.swift; path = PersonalSkillListViewController.swift; sourceTree = "<group>"; };
		342B65C927DE300600A78536 /* PersonalSkillList.storyboard */ = {isa = PBXFileReference; lastKnownFileType = file.storyboard; path = PersonalSkillList.storyboard; sourceTree = "<group>"; };
		342B65CB27DE322500A78536 /* PersonalSkillCell.swift */ = {isa = PBXFileReference; lastKnownFileType = sourcecode.swift; path = PersonalSkillCell.swift; sourceTree = "<group>"; };
		342B65CD27DE503700A78536 /* PersonalSkillCell.xib */ = {isa = PBXFileReference; lastKnownFileType = file.xib; path = PersonalSkillCell.xib; sourceTree = "<group>"; };
		34449AD827FE3124002763CD /* SkillEditScreen.storyboard */ = {isa = PBXFileReference; lastKnownFileType = file.storyboard; path = SkillEditScreen.storyboard; sourceTree = "<group>"; };
		34449ADC27FE316C002763CD /* SkillEditViewController.swift */ = {isa = PBXFileReference; lastKnownFileType = sourcecode.swift; path = SkillEditViewController.swift; sourceTree = "<group>"; };
		34449ADE27FE3E48002763CD /* EnterScreen.storyboard */ = {isa = PBXFileReference; lastKnownFileType = file.storyboard; path = EnterScreen.storyboard; sourceTree = "<group>"; };
		344DA31728127C480028020E /* ConversationViewController + SendMessageMethods.swift */ = {isa = PBXFileReference; lastKnownFileType = sourcecode.swift; path = "ConversationViewController + SendMessageMethods.swift"; sourceTree = "<group>"; };
		344DA31928127C720028020E /* ConversationViewController + UITableViewExtensions.swift */ = {isa = PBXFileReference; lastKnownFileType = sourcecode.swift; path = "ConversationViewController + UITableViewExtensions.swift"; sourceTree = "<group>"; };
		344DA31B28127D0F0028020E /* KeyboardInfo.swift */ = {isa = PBXFileReference; lastKnownFileType = sourcecode.swift; path = KeyboardInfo.swift; sourceTree = "<group>"; };
		344DA31D28128EF50028020E /* NetworkManager + Conversations.swift */ = {isa = PBXFileReference; lastKnownFileType = sourcecode.swift; path = "NetworkManager + Conversations.swift"; sourceTree = "<group>"; };
		344DA31F2812986A0028020E /* ForeignProfile.storyboard */ = {isa = PBXFileReference; lastKnownFileType = file.storyboard; path = ForeignProfile.storyboard; sourceTree = "<group>"; };
		344DA322281299AA0028020E /* ForeignProfileViewController.swift */ = {isa = PBXFileReference; lastKnownFileType = sourcecode.swift; path = ForeignProfileViewController.swift; sourceTree = "<group>"; };
		344DA324281339120028020E /* NetworkManager + Messages.swift */ = {isa = PBXFileReference; lastKnownFileType = sourcecode.swift; path = "NetworkManager + Messages.swift"; sourceTree = "<group>"; };
		344DA3262813FDAF0028020E /* NetworkManager + Feedbacks.swift */ = {isa = PBXFileReference; lastKnownFileType = sourcecode.swift; path = "NetworkManager + Feedbacks.swift"; sourceTree = "<group>"; };
		345C17E92801668200ED5526 /* Button + Extension.swift */ = {isa = PBXFileReference; lastKnownFileType = sourcecode.swift; path = "Button + Extension.swift"; sourceTree = "<group>"; };
		345C17EB280169D600ED5526 /* TextField + Extension.swift */ = {isa = PBXFileReference; lastKnownFileType = sourcecode.swift; path = "TextField + Extension.swift"; sourceTree = "<group>"; };
		345C180D2801750B00ED5526 /* SceneDelegate.swift */ = {isa = PBXFileReference; lastKnownFileType = sourcecode.swift; path = SceneDelegate.swift; sourceTree = "<group>"; };
		3467E2BD2805F6CD004A34F7 /* NetworkManager + Transaction.swift */ = {isa = PBXFileReference; lastKnownFileType = sourcecode.swift; path = "NetworkManager + Transaction.swift"; sourceTree = "<group>"; };
		3467E2C3280731CF004A34F7 /* CurrentExchangeCell.xib */ = {isa = PBXFileReference; lastKnownFileType = file.xib; path = CurrentExchangeCell.xib; sourceTree = "<group>"; };
		3467E2C5280731D7004A34F7 /* CurrentExchangeCell.swift */ = {isa = PBXFileReference; lastKnownFileType = sourcecode.swift; path = CurrentExchangeCell.swift; sourceTree = "<group>"; };
		3467E2C7280731E5004A34F7 /* IncomeExchangeCell.swift */ = {isa = PBXFileReference; lastKnownFileType = sourcecode.swift; path = IncomeExchangeCell.swift; sourceTree = "<group>"; };
		3467E2C9280731EE004A34F7 /* IncomeExchangeCell.xib */ = {isa = PBXFileReference; lastKnownFileType = file.xib; path = IncomeExchangeCell.xib; sourceTree = "<group>"; };
		3467E2CB28073200004A34F7 /* OutcomeExchangeCell.swift */ = {isa = PBXFileReference; lastKnownFileType = sourcecode.swift; path = OutcomeExchangeCell.swift; sourceTree = "<group>"; };
		3467E2CD28073209004A34F7 /* OutcomeExchangeCell.xib */ = {isa = PBXFileReference; lastKnownFileType = file.xib; path = OutcomeExchangeCell.xib; sourceTree = "<group>"; };
		347375B827C62DF50029A419 /* HSE Sharing.app */ = {isa = PBXFileReference; explicitFileType = wrapper.application; includeInIndex = 0; path = "HSE Sharing.app"; sourceTree = BUILT_PRODUCTS_DIR; };
		347375BB27C62DF50029A419 /* AppDelegate.swift */ = {isa = PBXFileReference; lastKnownFileType = sourcecode.swift; path = AppDelegate.swift; sourceTree = "<group>"; };
		347375C427C62DF70029A419 /* Assets.xcassets */ = {isa = PBXFileReference; lastKnownFileType = folder.assetcatalog; path = Assets.xcassets; sourceTree = "<group>"; };
		347375C727C62DF70029A419 /* Base */ = {isa = PBXFileReference; lastKnownFileType = file.storyboard; name = Base; path = Base.lproj/LaunchScreen.storyboard; sourceTree = "<group>"; };
		347375C927C62DF70029A419 /* Info.plist */ = {isa = PBXFileReference; lastKnownFileType = text.plist.xml; path = Info.plist; sourceTree = "<group>"; };
		347375D327C646510029A419 /* Transaction.swift */ = {isa = PBXFileReference; lastKnownFileType = sourcecode.swift; path = Transaction.swift; sourceTree = "<group>"; };
		347375D527C647470029A419 /* Skill.swift */ = {isa = PBXFileReference; lastKnownFileType = sourcecode.swift; path = Skill.swift; sourceTree = "<group>"; };
		347375D727C647520029A419 /* User.swift */ = {isa = PBXFileReference; lastKnownFileType = sourcecode.swift; path = User.swift; sourceTree = "<group>"; };
		347375DB27C64C410029A419 /* DataInEnglish.swift */ = {isa = PBXFileReference; lastKnownFileType = sourcecode.swift; path = DataInEnglish.swift; sourceTree = "<group>"; };
		347375DE27C64C640029A419 /* DataInRussian.swift */ = {isa = PBXFileReference; lastKnownFileType = sourcecode.swift; path = DataInRussian.swift; sourceTree = "<group>"; };
		347375E027C653C00029A419 /* NetworkManager.swift */ = {isa = PBXFileReference; lastKnownFileType = sourcecode.swift; path = NetworkManager.swift; sourceTree = "<group>"; };
		347375E427C653E90029A419 /* MemoryManager.swift */ = {isa = PBXFileReference; lastKnownFileType = sourcecode.swift; path = MemoryManager.swift; sourceTree = "<group>"; };
		347EB55827F97EA7006DA78E /* ProfileViewController + UIPickerExtension.swift */ = {isa = PBXFileReference; lastKnownFileType = sourcecode.swift; path = "ProfileViewController + UIPickerExtension.swift"; sourceTree = "<group>"; };
		347EB55A27F97EDD006DA78E /* ProfileViewController + UIImageExtension.swift */ = {isa = PBXFileReference; lastKnownFileType = sourcecode.swift; path = "ProfileViewController + UIImageExtension.swift"; sourceTree = "<group>"; };
		347EB55C27F9EC37006DA78E /* ChangePasswordViewController.swift */ = {isa = PBXFileReference; lastKnownFileType = sourcecode.swift; path = ChangePasswordViewController.swift; sourceTree = "<group>"; };
		34841C632805C3390041124D /* NetworkManager + Skills.swift */ = {isa = PBXFileReference; lastKnownFileType = sourcecode.swift; path = "NetworkManager + Skills.swift"; sourceTree = "<group>"; };
		348C2F1D280219AE00551F71 /* LeaveCommentScreen.storyboard */ = {isa = PBXFileReference; lastKnownFileType = file.storyboard; path = LeaveCommentScreen.storyboard; sourceTree = "<group>"; };
		348C2F1F28021BB400551F71 /* LeaveCommentViewController.swift */ = {isa = PBXFileReference; lastKnownFileType = sourcecode.swift; path = LeaveCommentViewController.swift; sourceTree = "<group>"; };
		348C2F212802272700551F71 /* SelectionOfParametersScreen.storyboard */ = {isa = PBXFileReference; lastKnownFileType = file.storyboard; path = SelectionOfParametersScreen.storyboard; sourceTree = "<group>"; };
		348C2F232802274200551F71 /* SelectionOfParametersViewController.swift */ = {isa = PBXFileReference; lastKnownFileType = sourcecode.swift; path = SelectionOfParametersViewController.swift; sourceTree = "<group>"; };
		34AB122627FDDD530027AC20 /* String + Extension.swift */ = {isa = PBXFileReference; lastKnownFileType = sourcecode.swift; path = "String + Extension.swift"; sourceTree = "<group>"; };
		34AB122827FDDD780027AC20 /* ProfileViewController + UIText.swift */ = {isa = PBXFileReference; lastKnownFileType = sourcecode.swift; path = "ProfileViewController + UIText.swift"; sourceTree = "<group>"; };
		34B13E8827FA33740055E6ED /* Feedback.swift */ = {isa = PBXFileReference; lastKnownFileType = sourcecode.swift; path = Feedback.swift; sourceTree = "<group>"; };
		34B13E8A27FAB3A90055E6ED /* Conversation.swift */ = {isa = PBXFileReference; lastKnownFileType = sourcecode.swift; path = Conversation.swift; sourceTree = "<group>"; };
		34B1B3A728041BE800F14EFB /* NetworkManager + User.swift */ = {isa = PBXFileReference; lastKnownFileType = sourcecode.swift; path = "NetworkManager + User.swift"; sourceTree = "<group>"; };
		34B1B3A928041C5400F14EFB /* NetworkError.swift */ = {isa = PBXFileReference; lastKnownFileType = sourcecode.swift; path = NetworkError.swift; sourceTree = "<group>"; };
		34B1B3AB28041C8200F14EFB /* Formatter + Extension.swift */ = {isa = PBXFileReference; lastKnownFileType = sourcecode.swift; path = "Formatter + Extension.swift"; sourceTree = "<group>"; };
		34B1B3AE28043CBB00F14EFB /* Date + Extension.swift */ = {isa = PBXFileReference; lastKnownFileType = sourcecode.swift; path = "Date + Extension.swift"; sourceTree = "<group>"; };
		34B2BF0327DF1D5A00E849A0 /* СompletedExchangeCell.xib */ = {isa = PBXFileReference; lastKnownFileType = file.xib; path = "СompletedExchangeCell.xib"; sourceTree = "<group>"; };
		34B2BF0527DF1D6A00E849A0 /* СompletedExchangeCell.swift */ = {isa = PBXFileReference; lastKnownFileType = sourcecode.swift; path = "СompletedExchangeCell.swift"; sourceTree = "<group>"; };
		34C4C7F02801DAF400769CFC /* ApplicationPreferences.swift */ = {isa = PBXFileReference; lastKnownFileType = sourcecode.swift; path = ApplicationPreferences.swift; sourceTree = "<group>"; };
		34C4C7F22801DCEE00769CFC /* CommentsViewController.swift */ = {isa = PBXFileReference; lastKnownFileType = sourcecode.swift; path = CommentsViewController.swift; sourceTree = "<group>"; };
		34C4C7F42801DD0F00769CFC /* Comments.storyboard */ = {isa = PBXFileReference; lastKnownFileType = file.storyboard; path = Comments.storyboard; sourceTree = "<group>"; };
		34C4C7F62801FCA600769CFC /* CommentCell.swift */ = {isa = PBXFileReference; lastKnownFileType = sourcecode.swift; path = CommentCell.swift; sourceTree = "<group>"; };
		34C4C7F82801FCB100769CFC /* CommentCell.xib */ = {isa = PBXFileReference; lastKnownFileType = file.xib; path = CommentCell.xib; sourceTree = "<group>"; };
		34CBC59B27DB632A0082FAF0 /* Message.swift */ = {isa = PBXFileReference; lastKnownFileType = sourcecode.swift; path = Message.swift; sourceTree = "<group>"; };
		34CBC59F27DB64F10082FAF0 /* ConversationsListViewController.swift */ = {isa = PBXFileReference; lastKnownFileType = sourcecode.swift; path = ConversationsListViewController.swift; sourceTree = "<group>"; };
		34CBC5A227DB6C9A0082FAF0 /* ConversationViewController.swift */ = {isa = PBXFileReference; lastKnownFileType = sourcecode.swift; path = ConversationViewController.swift; sourceTree = "<group>"; };
		34CBC5A527DBA5C50082FAF0 /* EntryMessageView.swift */ = {isa = PBXFileReference; lastKnownFileType = sourcecode.swift; path = EntryMessageView.swift; sourceTree = "<group>"; };
		34CBC5A727DBA5DE0082FAF0 /* ChatMessageCell.swift */ = {isa = PBXFileReference; lastKnownFileType = sourcecode.swift; path = ChatMessageCell.swift; sourceTree = "<group>"; };
		34CBC5A927DBA6000082FAF0 /* ConversationTableViewCell.swift */ = {isa = PBXFileReference; lastKnownFileType = sourcecode.swift; path = ConversationTableViewCell.swift; sourceTree = "<group>"; };
		34CBC5AB27DBA6270082FAF0 /* EntryMessageView.xib */ = {isa = PBXFileReference; lastKnownFileType = file.xib; path = EntryMessageView.xib; sourceTree = "<group>"; };
		34CBC5AD27DBA6980082FAF0 /* ConversationTableViewCell.xib */ = {isa = PBXFileReference; lastKnownFileType = file.xib; path = ConversationTableViewCell.xib; sourceTree = "<group>"; };
		34CBC5B227DBA9BE0082FAF0 /* RootTabBarViewController.swift */ = {isa = PBXFileReference; lastKnownFileType = sourcecode.swift; path = RootTabBarViewController.swift; sourceTree = "<group>"; };
		34EB7A8B28015EDB0008B4CD /* EnterViewController.swift */ = {isa = PBXFileReference; lastKnownFileType = sourcecode.swift; path = EnterViewController.swift; sourceTree = "<group>"; };
		34EB7A8D28015EF60008B4CD /* EmailViewController.swift */ = {isa = PBXFileReference; lastKnownFileType = sourcecode.swift; path = EmailViewController.swift; sourceTree = "<group>"; };
		34EB7A8F28015F000008B4CD /* CodeViewController.swift */ = {isa = PBXFileReference; lastKnownFileType = sourcecode.swift; path = CodeViewController.swift; sourceTree = "<group>"; };
		34EB7A9128015F0C0008B4CD /* RegistrationViewController.swift */ = {isa = PBXFileReference; lastKnownFileType = sourcecode.swift; path = RegistrationViewController.swift; sourceTree = "<group>"; };
		34EB7A932801600B0008B4CD /* PasswordRecoveryViewController.swift */ = {isa = PBXFileReference; lastKnownFileType = sourcecode.swift; path = PasswordRecoveryViewController.swift; sourceTree = "<group>"; };
		34F4A88627DE866200C51CE2 /* SearchSkillCell.xib */ = {isa = PBXFileReference; lastKnownFileType = file.xib; path = SearchSkillCell.xib; sourceTree = "<group>"; };
		34F4A88827DE8E5E00C51CE2 /* SearchSkillCell.swift */ = {isa = PBXFileReference; lastKnownFileType = sourcecode.swift; path = SearchSkillCell.swift; sourceTree = "<group>"; };
		438E725E6EA3AA2F2DF2F9AC /* Pods_HSE_Sharing.framework */ = {isa = PBXFileReference; explicitFileType = wrapper.framework; includeInIndex = 0; path = Pods_HSE_Sharing.framework; sourceTree = BUILT_PRODUCTS_DIR; };
		A2BE6EFB49533837F1AA1733 /* Pods-HSE Sharing.debug.xcconfig */ = {isa = PBXFileReference; includeInIndex = 1; lastKnownFileType = text.xcconfig; name = "Pods-HSE Sharing.debug.xcconfig"; path = "Target Support Files/Pods-HSE Sharing/Pods-HSE Sharing.debug.xcconfig"; sourceTree = "<group>"; };
/* End PBXFileReference section */

/* Begin PBXFrameworksBuildPhase section */
		347375B527C62DF50029A419 /* Frameworks */ = {
			isa = PBXFrameworksBuildPhase;
			buildActionMask = 2147483647;
			files = (
				0F47A3218D9B330A4438479D /* Pods_HSE_Sharing.framework in Frameworks */,
			);
			runOnlyForDeploymentPostprocessing = 0;
		};
/* End PBXFrameworksBuildPhase section */

/* Begin PBXGroup section */
		342B65B827DBC6D100A78536 /* Profile */ = {
			isa = PBXGroup;
			children = (
				344DA321281299930028020E /* ForeignProfileViewController */,
				34AB122A27FDDD9D0027AC20 /* ProfileViewController */,
				347EB55C27F9EC37006DA78E /* ChangePasswordViewController.swift */,
				342B65C527DE285800A78536 /* PersonalSkillListViewController.swift */,
				34C4C7F22801DCEE00769CFC /* CommentsViewController.swift */,
				34449ADC27FE316C002763CD /* SkillEditViewController.swift */,
			);
			path = Profile;
			sourceTree = "<group>";
		};
		342B65BD27DBDD8900A78536 /* Exchanges */ = {
			isa = PBXGroup;
			children = (
				342B65C127DBDDB400A78536 /* ExchangesViewController.swift */,
				348C2F1F28021BB400551F71 /* LeaveCommentViewController.swift */,
				340E96A8280B0D3B008A1F9B /* CompletedExchangesViewController.swift */,
				340E96AA280B0D45008A1F9B /* IncomeExchangesViewController.swift */,
				340E96AC280B0D50008A1F9B /* OutcomeExchangesViewController.swift */,
			);
			path = Exchanges;
			sourceTree = "<group>";
		};
		342B65BE27DBDD9000A78536 /* Search */ = {
			isa = PBXGroup;
			children = (
				342B65BF27DBDDA200A78536 /* SearchViewController.swift */,
				348C2F232802274200551F71 /* SelectionOfParametersViewController.swift */,
				340E969828099ADF008A1F9B /* SelectionOfParametersViewController + UIPickerView.swift */,
				340E969C280AABD6008A1F9B /* NewExchangeViewController.swift */,
			);
			path = Search;
			sourceTree = "<group>";
		};
		34449AE027FE42E3002763CD /* Authorization */ = {
			isa = PBXGroup;
			children = (
				34449ADE27FE3E48002763CD /* EnterScreen.storyboard */,
			);
			path = Authorization;
			sourceTree = "<group>";
		};
		344DA321281299930028020E /* ForeignProfileViewController */ = {
			isa = PBXGroup;
			children = (
				344DA322281299AA0028020E /* ForeignProfileViewController.swift */,
			);
			path = ForeignProfileViewController;
			sourceTree = "<group>";
		};
		345212BE280C0913004E86C4 /* Supporting files */ = {
			isa = PBXGroup;
			children = (
				347375DA27C64C270029A419 /* Resources */,
				347375D927C64C0B0029A419 /* Supporting system files */,
				347375DD27C64C510029A419 /* Supporting data */,
			);
			path = "Supporting files";
			sourceTree = "<group>";
		};
		347375AF27C62DF50029A419 = {
			isa = PBXGroup;
			children = (
				347375BA27C62DF50029A419 /* HSE Sharing */,
				347375B927C62DF50029A419 /* Products */,
				8E2AA5B0A4B4EB4914F92163 /* Pods */,
				3820FEA6A83B5106390DA9C2 /* Frameworks */,
			);
			sourceTree = "<group>";
		};
		347375B927C62DF50029A419 /* Products */ = {
			isa = PBXGroup;
			children = (
				347375B827C62DF50029A419 /* HSE Sharing.app */,
			);
			name = Products;
			sourceTree = "<group>";
		};
		347375BA27C62DF50029A419 /* HSE Sharing */ = {
			isa = PBXGroup;
			children = (
				347375D227C6460F0029A419 /* Model */,
				347375D027C645EF0029A419 /* View */,
				347375D127C645FF0029A419 /* Controller */,
				347375CF27C645E60029A419 /* Tools */,
				345212BE280C0913004E86C4 /* Supporting files */,
			);
			path = "HSE Sharing";
			sourceTree = "<group>";
		};
		347375CF27C645E60029A419 /* Tools */ = {
			isa = PBXGroup;
			children = (
				34B1B3A628041BC500F14EFB /* Networking */,
				34B1B3AD28041C9400F14EFB /* Extensions */,
				347375E427C653E90029A419 /* MemoryManager.swift */,
				34C4C7F02801DAF400769CFC /* ApplicationPreferences.swift */,
			);
			path = Tools;
			sourceTree = "<group>";
		};
		347375D027C645EF0029A419 /* View */ = {
			isa = PBXGroup;
			children = (
				347375C627C62DF70029A419 /* LaunchScreen.storyboard */,
				34449AE027FE42E3002763CD /* Authorization */,
				34C4C7EF2801A39500769CFC /* MainApp */,
			);
			path = View;
			sourceTree = "<group>";
		};
		347375D127C645FF0029A419 /* Controller */ = {
			isa = PBXGroup;
			children = (
				34EB7A8A28015EA90008B4CD /* Authorization */,
				34C4C7EE2801A36100769CFC /* MainApp */,
			);
			path = Controller;
			sourceTree = "<group>";
		};
		347375D227C6460F0029A419 /* Model */ = {
			isa = PBXGroup;
			children = (
				347375D327C646510029A419 /* Transaction.swift */,
				34B13E8827FA33740055E6ED /* Feedback.swift */,
				34B13E8A27FAB3A90055E6ED /* Conversation.swift */,
				347375D527C647470029A419 /* Skill.swift */,
				347375D727C647520029A419 /* User.swift */,
				34CBC59B27DB632A0082FAF0 /* Message.swift */,
			);
			path = Model;
			sourceTree = "<group>";
		};
		347375D927C64C0B0029A419 /* Supporting system files */ = {
			isa = PBXGroup;
			children = (
				347375BB27C62DF50029A419 /* AppDelegate.swift */,
				345C180D2801750B00ED5526 /* SceneDelegate.swift */,
				347375C927C62DF70029A419 /* Info.plist */,
			);
			path = "Supporting system files";
			sourceTree = "<group>";
		};
		347375DA27C64C270029A419 /* Resources */ = {
			isa = PBXGroup;
			children = (
				347375C427C62DF70029A419 /* Assets.xcassets */,
			);
			path = Resources;
			sourceTree = "<group>";
		};
		347375DD27C64C510029A419 /* Supporting data */ = {
			isa = PBXGroup;
			children = (
				347375DB27C64C410029A419 /* DataInEnglish.swift */,
				347375DE27C64C640029A419 /* DataInRussian.swift */,
			);
			path = "Supporting data";
			sourceTree = "<group>";
		};
		34AB122A27FDDD9D0027AC20 /* ProfileViewController */ = {
			isa = PBXGroup;
			children = (
				342B65B927DBC6E800A78536 /* ProfileViewController.swift */,
				34AB122827FDDD780027AC20 /* ProfileViewController + UIText.swift */,
				347EB55A27F97EDD006DA78E /* ProfileViewController + UIImageExtension.swift */,
				347EB55827F97EA7006DA78E /* ProfileViewController + UIPickerExtension.swift */,
			);
			path = ProfileViewController;
			sourceTree = "<group>";
		};
		34B1B3A628041BC500F14EFB /* Networking */ = {
			isa = PBXGroup;
			children = (
				347375E027C653C00029A419 /* NetworkManager.swift */,
				34B1B3A728041BE800F14EFB /* NetworkManager + User.swift */,
				34841C632805C3390041124D /* NetworkManager + Skills.swift */,
				3467E2BD2805F6CD004A34F7 /* NetworkManager + Transaction.swift */,
				344DA31D28128EF50028020E /* NetworkManager + Conversations.swift */,
				344DA324281339120028020E /* NetworkManager + Messages.swift */,
				344DA3262813FDAF0028020E /* NetworkManager + Feedbacks.swift */,
				340E96852807422C008A1F9B /* NetworkManager + Chat.swift */,
				34B1B3A928041C5400F14EFB /* NetworkError.swift */,
			);
			path = Networking;
			sourceTree = "<group>";
		};
		34B1B3AD28041C9400F14EFB /* Extensions */ = {
			isa = PBXGroup;
			children = (
				34AB122627FDDD530027AC20 /* String + Extension.swift */,
				345C17EB280169D600ED5526 /* TextField + Extension.swift */,
				345C17E92801668200ED5526 /* Button + Extension.swift */,
				34B1B3AB28041C8200F14EFB /* Formatter + Extension.swift */,
				34B1B3AE28043CBB00F14EFB /* Date + Extension.swift */,
			);
			path = Extensions;
			sourceTree = "<group>";
		};
		34C4C7EE2801A36100769CFC /* MainApp */ = {
			isa = PBXGroup;
			children = (
				34CBC5B227DBA9BE0082FAF0 /* RootTabBarViewController.swift */,
				342B65B827DBC6D100A78536 /* Profile */,
				34CBC5A127DB64FA0082FAF0 /* Chat */,
				342B65BD27DBDD8900A78536 /* Exchanges */,
				342B65BE27DBDD9000A78536 /* Search */,
			);
			path = MainApp;
			sourceTree = "<group>";
		};
		34C4C7EF2801A39500769CFC /* MainApp */ = {
			isa = PBXGroup;
			children = (
				34CBC5AF27DBA84B0082FAF0 /* Profile */,
				34CBC5A427DBA5B90082FAF0 /* Chat */,
				34CBC5B027DBA8590082FAF0 /* Exchanges */,
				34CBC5B127DBA86F0082FAF0 /* Search */,
			);
			path = MainApp;
			sourceTree = "<group>";
		};
		34CBC5A127DB64FA0082FAF0 /* Chat */ = {
			isa = PBXGroup;
			children = (
				34CBC59F27DB64F10082FAF0 /* ConversationsListViewController.swift */,
				34CBC5A227DB6C9A0082FAF0 /* ConversationViewController.swift */,
				344DA31728127C480028020E /* ConversationViewController + SendMessageMethods.swift */,
				344DA31B28127D0F0028020E /* KeyboardInfo.swift */,
				344DA31928127C720028020E /* ConversationViewController + UITableViewExtensions.swift */,
			);
			path = Chat;
			sourceTree = "<group>";
		};
		34CBC5A427DBA5B90082FAF0 /* Chat */ = {
			isa = PBXGroup;
			children = (
				34CBC5A527DBA5C50082FAF0 /* EntryMessageView.swift */,
				34CBC5AB27DBA6270082FAF0 /* EntryMessageView.xib */,
				34CBC5A727DBA5DE0082FAF0 /* ChatMessageCell.swift */,
				34CBC5AD27DBA6980082FAF0 /* ConversationTableViewCell.xib */,
				34CBC5A927DBA6000082FAF0 /* ConversationTableViewCell.swift */,
			);
			path = Chat;
			sourceTree = "<group>";
		};
		34CBC5AF27DBA84B0082FAF0 /* Profile */ = {
			isa = PBXGroup;
			children = (
				342B65BB27DBCC7500A78536 /* Profile.storyboard */,
				344DA31F2812986A0028020E /* ForeignProfile.storyboard */,
				34449AD827FE3124002763CD /* SkillEditScreen.storyboard */,
				342B65C927DE300600A78536 /* PersonalSkillList.storyboard */,
				342B65CD27DE503700A78536 /* PersonalSkillCell.xib */,
				342B65CB27DE322500A78536 /* PersonalSkillCell.swift */,
				34C4C7F82801FCB100769CFC /* CommentCell.xib */,
				34C4C7F62801FCA600769CFC /* CommentCell.swift */,
				34C4C7F42801DD0F00769CFC /* Comments.storyboard */,
			);
			path = Profile;
			sourceTree = "<group>";
		};
		34CBC5B027DBA8590082FAF0 /* Exchanges */ = {
			isa = PBXGroup;
			children = (
				340E96A2280B0CBF008A1F9B /* CompletedExchanges.storyboard */,
				34B2BF0327DF1D5A00E849A0 /* СompletedExchangeCell.xib */,
				34B2BF0527DF1D6A00E849A0 /* СompletedExchangeCell.swift */,
				340E96A0280B0C89008A1F9B /* CurrentExchanges.storyboard */,
				3467E2C3280731CF004A34F7 /* CurrentExchangeCell.xib */,
				3467E2C5280731D7004A34F7 /* CurrentExchangeCell.swift */,
				348C2F1D280219AE00551F71 /* LeaveCommentScreen.storyboard */,
				340E96A4280B0CE9008A1F9B /* IncomeExchanges.storyboard */,
				3467E2C9280731EE004A34F7 /* IncomeExchangeCell.xib */,
				3467E2C7280731E5004A34F7 /* IncomeExchangeCell.swift */,
				340E96A6280B0CFA008A1F9B /* OutcomeExchanges.storyboard */,
				3467E2CD28073209004A34F7 /* OutcomeExchangeCell.xib */,
				3467E2CB28073200004A34F7 /* OutcomeExchangeCell.swift */,
			);
			path = Exchanges;
			sourceTree = "<group>";
		};
		34CBC5B127DBA86F0082FAF0 /* Search */ = {
			isa = PBXGroup;
			children = (
				34F4A88627DE866200C51CE2 /* SearchSkillCell.xib */,
				34F4A88827DE8E5E00C51CE2 /* SearchSkillCell.swift */,
				348C2F212802272700551F71 /* SelectionOfParametersScreen.storyboard */,
				340E969A2809E2DA008A1F9B /* NewExchangeScreen.storyboard */,
			);
			path = Search;
			sourceTree = "<group>";
		};
		34EB7A8A28015EA90008B4CD /* Authorization */ = {
			isa = PBXGroup;
			children = (
				34EB7A8B28015EDB0008B4CD /* EnterViewController.swift */,
				34EB7A8D28015EF60008B4CD /* EmailViewController.swift */,
				34EB7A8F28015F000008B4CD /* CodeViewController.swift */,
				34EB7A9128015F0C0008B4CD /* RegistrationViewController.swift */,
				34EB7A932801600B0008B4CD /* PasswordRecoveryViewController.swift */,
			);
			path = Authorization;
			sourceTree = "<group>";
		};
		3820FEA6A83B5106390DA9C2 /* Frameworks */ = {
			isa = PBXGroup;
			children = (
				438E725E6EA3AA2F2DF2F9AC /* Pods_HSE_Sharing.framework */,
			);
			name = Frameworks;
			sourceTree = "<group>";
		};
		8E2AA5B0A4B4EB4914F92163 /* Pods */ = {
			isa = PBXGroup;
			children = (
				A2BE6EFB49533837F1AA1733 /* Pods-HSE Sharing.debug.xcconfig */,
				09230A4C2BBF04A6FFBDE315 /* Pods-HSE Sharing.release.xcconfig */,
			);
			path = Pods;
			sourceTree = "<group>";
		};
/* End PBXGroup section */

/* Begin PBXNativeTarget section */
		347375B727C62DF50029A419 /* HSE Sharing */ = {
			isa = PBXNativeTarget;
			buildConfigurationList = 347375CC27C62DF70029A419 /* Build configuration list for PBXNativeTarget "HSE Sharing" */;
			buildPhases = (
				D41D18DEE2A68CAE42CFE7E1 /* [CP] Check Pods Manifest.lock */,
				347375B427C62DF50029A419 /* Sources */,
				347375B527C62DF50029A419 /* Frameworks */,
				347375B627C62DF50029A419 /* Resources */,
				64AEA83763AF3B689CA83024 /* [CP] Embed Pods Frameworks */,
			);
			buildRules = (
			);
			dependencies = (
			);
			name = "HSE Sharing";
			productName = "HSE Sharing";
			productReference = 347375B827C62DF50029A419 /* HSE Sharing.app */;
			productType = "com.apple.product-type.application";
		};
/* End PBXNativeTarget section */

/* Begin PBXProject section */
		347375B027C62DF50029A419 /* Project object */ = {
			isa = PBXProject;
			attributes = {
				BuildIndependentTargetsInParallel = 1;
				LastSwiftUpdateCheck = 1320;
				LastUpgradeCheck = 1320;
				TargetAttributes = {
					347375B727C62DF50029A419 = {
						CreatedOnToolsVersion = 13.2.1;
					};
				};
			};
			buildConfigurationList = 347375B327C62DF50029A419 /* Build configuration list for PBXProject "HSE Sharing" */;
			compatibilityVersion = "Xcode 13.0";
			developmentRegion = en;
			hasScannedForEncodings = 0;
			knownRegions = (
				en,
				Base,
			);
			mainGroup = 347375AF27C62DF50029A419;
			productRefGroup = 347375B927C62DF50029A419 /* Products */;
			projectDirPath = "";
			projectRoot = "";
			targets = (
				347375B727C62DF50029A419 /* HSE Sharing */,
			);
		};
/* End PBXProject section */

/* Begin PBXResourcesBuildPhase section */
		347375B627C62DF50029A419 /* Resources */ = {
			isa = PBXResourcesBuildPhase;
			buildActionMask = 2147483647;
			files = (
				34C4C7F52801DD0F00769CFC /* Comments.storyboard in Resources */,
				342B65CE27DE503700A78536 /* PersonalSkillCell.xib in Resources */,
				348C2F222802272700551F71 /* SelectionOfParametersScreen.storyboard in Resources */,
				344DA3202812986A0028020E /* ForeignProfile.storyboard in Resources */,
				34F4A88727DE866200C51CE2 /* SearchSkillCell.xib in Resources */,
				342B65BC27DBCC7500A78536 /* Profile.storyboard in Resources */,
				348C2F1E280219AE00551F71 /* LeaveCommentScreen.storyboard in Resources */,
				34449ADF27FE3E48002763CD /* EnterScreen.storyboard in Resources */,
				34CBC5AE27DBA6980082FAF0 /* ConversationTableViewCell.xib in Resources */,
				340E96A5280B0CE9008A1F9B /* IncomeExchanges.storyboard in Resources */,
				34449AD927FE3124002763CD /* SkillEditScreen.storyboard in Resources */,
				3467E2CE28073209004A34F7 /* OutcomeExchangeCell.xib in Resources */,
				342B65CA27DE300600A78536 /* PersonalSkillList.storyboard in Resources */,
				347375C827C62DF70029A419 /* LaunchScreen.storyboard in Resources */,
				347375C527C62DF70029A419 /* Assets.xcassets in Resources */,
				34B2BF0427DF1D5A00E849A0 /* СompletedExchangeCell.xib in Resources */,
				340E969B2809E2DA008A1F9B /* NewExchangeScreen.storyboard in Resources */,
				340E96A1280B0C8A008A1F9B /* CurrentExchanges.storyboard in Resources */,
				34C4C7F92801FCB100769CFC /* CommentCell.xib in Resources */,
				3467E2C4280731CF004A34F7 /* CurrentExchangeCell.xib in Resources */,
				340E96A7280B0CFA008A1F9B /* OutcomeExchanges.storyboard in Resources */,
				340E96A3280B0CBF008A1F9B /* CompletedExchanges.storyboard in Resources */,
				34CBC5AC27DBA6270082FAF0 /* EntryMessageView.xib in Resources */,
				3467E2CA280731EE004A34F7 /* IncomeExchangeCell.xib in Resources */,
			);
			runOnlyForDeploymentPostprocessing = 0;
		};
/* End PBXResourcesBuildPhase section */

/* Begin PBXShellScriptBuildPhase section */
		64AEA83763AF3B689CA83024 /* [CP] Embed Pods Frameworks */ = {
			isa = PBXShellScriptBuildPhase;
			buildActionMask = 2147483647;
			files = (
			);
			inputFileListPaths = (
				"${PODS_ROOT}/Target Support Files/Pods-HSE Sharing/Pods-HSE Sharing-frameworks-${CONFIGURATION}-input-files.xcfilelist",
			);
			name = "[CP] Embed Pods Frameworks";
			outputFileListPaths = (
				"${PODS_ROOT}/Target Support Files/Pods-HSE Sharing/Pods-HSE Sharing-frameworks-${CONFIGURATION}-output-files.xcfilelist",
			);
			runOnlyForDeploymentPostprocessing = 0;
			shellPath = /bin/sh;
			shellScript = "\"${PODS_ROOT}/Target Support Files/Pods-HSE Sharing/Pods-HSE Sharing-frameworks.sh\"\n";
			showEnvVarsInLog = 0;
		};
		D41D18DEE2A68CAE42CFE7E1 /* [CP] Check Pods Manifest.lock */ = {
			isa = PBXShellScriptBuildPhase;
			buildActionMask = 2147483647;
			files = (
			);
			inputFileListPaths = (
			);
			inputPaths = (
				"${PODS_PODFILE_DIR_PATH}/Podfile.lock",
				"${PODS_ROOT}/Manifest.lock",
			);
			name = "[CP] Check Pods Manifest.lock";
			outputFileListPaths = (
			);
			outputPaths = (
				"$(DERIVED_FILE_DIR)/Pods-HSE Sharing-checkManifestLockResult.txt",
			);
			runOnlyForDeploymentPostprocessing = 0;
			shellPath = /bin/sh;
			shellScript = "diff \"${PODS_PODFILE_DIR_PATH}/Podfile.lock\" \"${PODS_ROOT}/Manifest.lock\" > /dev/null\nif [ $? != 0 ] ; then\n    # print error to STDERR\n    echo \"error: The sandbox is not in sync with the Podfile.lock. Run 'pod install' or update your CocoaPods installation.\" >&2\n    exit 1\nfi\n# This output is used by Xcode 'outputs' to avoid re-running this script phase.\necho \"SUCCESS\" > \"${SCRIPT_OUTPUT_FILE_0}\"\n";
			showEnvVarsInLog = 0;
		};
/* End PBXShellScriptBuildPhase section */

/* Begin PBXSourcesBuildPhase section */
		347375B427C62DF50029A419 /* Sources */ = {
			isa = PBXSourcesBuildPhase;
			buildActionMask = 2147483647;
			files = (
				34B2BF0627DF1D6A00E849A0 /* СompletedExchangeCell.swift in Sources */,
				347375E127C653C00029A419 /* NetworkManager.swift in Sources */,
				344DA325281339120028020E /* NetworkManager + Messages.swift in Sources */,
				34841C642805C3390041124D /* NetworkManager + Skills.swift in Sources */,
				344DA31828127C480028020E /* ConversationViewController + SendMessageMethods.swift in Sources */,
				340E96A9280B0D3B008A1F9B /* CompletedExchangesViewController.swift in Sources */,
				34C4C7F32801DCEE00769CFC /* CommentsViewController.swift in Sources */,
				34AB122727FDDD530027AC20 /* String + Extension.swift in Sources */,
				34AB122927FDDD780027AC20 /* ProfileViewController + UIText.swift in Sources */,
				348C2F242802274200551F71 /* SelectionOfParametersViewController.swift in Sources */,
				34B1B3AC28041C8200F14EFB /* Formatter + Extension.swift in Sources */,
				34B1B3A828041BE800F14EFB /* NetworkManager + User.swift in Sources */,
				34B13E8B27FAB3A90055E6ED /* Conversation.swift in Sources */,
				34C4C7F12801DAF400769CFC /* ApplicationPreferences.swift in Sources */,
				340E969D280AABD6008A1F9B /* NewExchangeViewController.swift in Sources */,
				345C17EA2801668200ED5526 /* Button + Extension.swift in Sources */,
				34CBC5A627DBA5C50082FAF0 /* EntryMessageView.swift in Sources */,
				34CBC59C27DB632A0082FAF0 /* Message.swift in Sources */,
				342B65C627DE285800A78536 /* PersonalSkillListViewController.swift in Sources */,
				3467E2CC28073200004A34F7 /* OutcomeExchangeCell.swift in Sources */,
				34EB7A9028015F000008B4CD /* CodeViewController.swift in Sources */,
				3467E2C6280731D7004A34F7 /* CurrentExchangeCell.swift in Sources */,
				347375D427C646510029A419 /* Transaction.swift in Sources */,
				347375DC27C64C410029A419 /* DataInEnglish.swift in Sources */,
				347375D827C647520029A419 /* User.swift in Sources */,
				34EB7A942801600B0008B4CD /* PasswordRecoveryViewController.swift in Sources */,
				347375DF27C64C640029A419 /* DataInRussian.swift in Sources */,
				345C180E2801750B00ED5526 /* SceneDelegate.swift in Sources */,
				347EB55B27F97EDD006DA78E /* ProfileViewController + UIImageExtension.swift in Sources */,
				340E96AB280B0D45008A1F9B /* IncomeExchangesViewController.swift in Sources */,
				344DA31A28127C720028020E /* ConversationViewController + UITableViewExtensions.swift in Sources */,
				347375D627C647470029A419 /* Skill.swift in Sources */,
				344DA31E28128EF50028020E /* NetworkManager + Conversations.swift in Sources */,
				344DA3272813FDAF0028020E /* NetworkManager + Feedbacks.swift in Sources */,
				34B1B3AF28043CBB00F14EFB /* Date + Extension.swift in Sources */,
				345C17EC280169D600ED5526 /* TextField + Extension.swift in Sources */,
				342B65BA27DBC6E800A78536 /* ProfileViewController.swift in Sources */,
				347EB55D27F9EC37006DA78E /* ChangePasswordViewController.swift in Sources */,
				34B1B3AA28041C5400F14EFB /* NetworkError.swift in Sources */,
				3467E2C8280731E5004A34F7 /* IncomeExchangeCell.swift in Sources */,
				347375BC27C62DF50029A419 /* AppDelegate.swift in Sources */,
				342B65C027DBDDA200A78536 /* SearchViewController.swift in Sources */,
				3467E2BE2805F6CD004A34F7 /* NetworkManager + Transaction.swift in Sources */,
				34F4A88927DE8E5E00C51CE2 /* SearchSkillCell.swift in Sources */,
				34CBC5A327DB6C9A0082FAF0 /* ConversationViewController.swift in Sources */,
				34EB7A8C28015EDB0008B4CD /* EnterViewController.swift in Sources */,
				34EB7A8E28015EF60008B4CD /* EmailViewController.swift in Sources */,
				347EB55927F97EA7006DA78E /* ProfileViewController + UIPickerExtension.swift in Sources */,
				347375E527C653E90029A419 /* MemoryManager.swift in Sources */,
				344DA323281299AA0028020E /* ForeignProfileViewController.swift in Sources */,
				340E96AD280B0D50008A1F9B /* OutcomeExchangesViewController.swift in Sources */,
				34C4C7F72801FCA600769CFC /* CommentCell.swift in Sources */,
				348C2F2028021BB400551F71 /* LeaveCommentViewController.swift in Sources */,
				34CBC5B327DBA9BE0082FAF0 /* RootTabBarViewController.swift in Sources */,
				34CBC5A027DB64F10082FAF0 /* ConversationsListViewController.swift in Sources */,
				34CBC5AA27DBA6000082FAF0 /* ConversationTableViewCell.swift in Sources */,
				34CBC5A827DBA5DE0082FAF0 /* ChatMessageCell.swift in Sources */,
				34EB7A9228015F0C0008B4CD /* RegistrationViewController.swift in Sources */,
				340E969928099AE0008A1F9B /* SelectionOfParametersViewController + UIPickerView.swift in Sources */,
				344DA31C28127D0F0028020E /* KeyboardInfo.swift in Sources */,
				34449ADD27FE316C002763CD /* SkillEditViewController.swift in Sources */,
				342B65C227DBDDB400A78536 /* ExchangesViewController.swift in Sources */,
				340E96862807422C008A1F9B /* NetworkManager + Chat.swift in Sources */,
				34B13E8927FA33740055E6ED /* Feedback.swift in Sources */,
				342B65CC27DE322500A78536 /* PersonalSkillCell.swift in Sources */,
			);
			runOnlyForDeploymentPostprocessing = 0;
		};
/* End PBXSourcesBuildPhase section */

/* Begin PBXVariantGroup section */
		347375C627C62DF70029A419 /* LaunchScreen.storyboard */ = {
			isa = PBXVariantGroup;
			children = (
				347375C727C62DF70029A419 /* Base */,
			);
			name = LaunchScreen.storyboard;
			sourceTree = "<group>";
		};
/* End PBXVariantGroup section */

/* Begin XCBuildConfiguration section */
		347375CA27C62DF70029A419 /* Debug */ = {
			isa = XCBuildConfiguration;
			buildSettings = {
				ALWAYS_SEARCH_USER_PATHS = NO;
				CLANG_ANALYZER_NONNULL = YES;
				CLANG_ANALYZER_NUMBER_OBJECT_CONVERSION = YES_AGGRESSIVE;
				CLANG_CXX_LANGUAGE_STANDARD = "gnu++17";
				CLANG_CXX_LIBRARY = "libc++";
				CLANG_ENABLE_MODULES = YES;
				CLANG_ENABLE_OBJC_ARC = YES;
				CLANG_ENABLE_OBJC_WEAK = YES;
				CLANG_WARN_BLOCK_CAPTURE_AUTORELEASING = YES;
				CLANG_WARN_BOOL_CONVERSION = YES;
				CLANG_WARN_COMMA = YES;
				CLANG_WARN_CONSTANT_CONVERSION = YES;
				CLANG_WARN_DEPRECATED_OBJC_IMPLEMENTATIONS = YES;
				CLANG_WARN_DIRECT_OBJC_ISA_USAGE = YES_ERROR;
				CLANG_WARN_DOCUMENTATION_COMMENTS = YES;
				CLANG_WARN_EMPTY_BODY = YES;
				CLANG_WARN_ENUM_CONVERSION = YES;
				CLANG_WARN_INFINITE_RECURSION = YES;
				CLANG_WARN_INT_CONVERSION = YES;
				CLANG_WARN_NON_LITERAL_NULL_CONVERSION = YES;
				CLANG_WARN_OBJC_IMPLICIT_RETAIN_SELF = YES;
				CLANG_WARN_OBJC_LITERAL_CONVERSION = YES;
				CLANG_WARN_OBJC_ROOT_CLASS = YES_ERROR;
				CLANG_WARN_QUOTED_INCLUDE_IN_FRAMEWORK_HEADER = YES;
				CLANG_WARN_RANGE_LOOP_ANALYSIS = YES;
				CLANG_WARN_STRICT_PROTOTYPES = YES;
				CLANG_WARN_SUSPICIOUS_MOVE = YES;
				CLANG_WARN_UNGUARDED_AVAILABILITY = YES_AGGRESSIVE;
				CLANG_WARN_UNREACHABLE_CODE = YES;
				CLANG_WARN__DUPLICATE_METHOD_MATCH = YES;
				COPY_PHASE_STRIP = NO;
				DEBUG_INFORMATION_FORMAT = dwarf;
				ENABLE_STRICT_OBJC_MSGSEND = YES;
				ENABLE_TESTABILITY = YES;
				GCC_C_LANGUAGE_STANDARD = gnu11;
				GCC_DYNAMIC_NO_PIC = NO;
				GCC_NO_COMMON_BLOCKS = YES;
				GCC_OPTIMIZATION_LEVEL = 0;
				GCC_PREPROCESSOR_DEFINITIONS = (
					"DEBUG=1",
					"$(inherited)",
				);
				GCC_WARN_64_TO_32_BIT_CONVERSION = YES;
				GCC_WARN_ABOUT_RETURN_TYPE = YES_ERROR;
				GCC_WARN_UNDECLARED_SELECTOR = YES;
				GCC_WARN_UNINITIALIZED_AUTOS = YES_AGGRESSIVE;
				GCC_WARN_UNUSED_FUNCTION = YES;
				GCC_WARN_UNUSED_VARIABLE = YES;
				IPHONEOS_DEPLOYMENT_TARGET = 14.0;
				MTL_ENABLE_DEBUG_INFO = INCLUDE_SOURCE;
				MTL_FAST_MATH = YES;
				ONLY_ACTIVE_ARCH = YES;
				SDKROOT = iphoneos;
				SWIFT_ACTIVE_COMPILATION_CONDITIONS = DEBUG;
				SWIFT_OPTIMIZATION_LEVEL = "-Onone";
			};
			name = Debug;
		};
		347375CB27C62DF70029A419 /* Release */ = {
			isa = XCBuildConfiguration;
			buildSettings = {
				ALWAYS_SEARCH_USER_PATHS = NO;
				CLANG_ANALYZER_NONNULL = YES;
				CLANG_ANALYZER_NUMBER_OBJECT_CONVERSION = YES_AGGRESSIVE;
				CLANG_CXX_LANGUAGE_STANDARD = "gnu++17";
				CLANG_CXX_LIBRARY = "libc++";
				CLANG_ENABLE_MODULES = YES;
				CLANG_ENABLE_OBJC_ARC = YES;
				CLANG_ENABLE_OBJC_WEAK = YES;
				CLANG_WARN_BLOCK_CAPTURE_AUTORELEASING = YES;
				CLANG_WARN_BOOL_CONVERSION = YES;
				CLANG_WARN_COMMA = YES;
				CLANG_WARN_CONSTANT_CONVERSION = YES;
				CLANG_WARN_DEPRECATED_OBJC_IMPLEMENTATIONS = YES;
				CLANG_WARN_DIRECT_OBJC_ISA_USAGE = YES_ERROR;
				CLANG_WARN_DOCUMENTATION_COMMENTS = YES;
				CLANG_WARN_EMPTY_BODY = YES;
				CLANG_WARN_ENUM_CONVERSION = YES;
				CLANG_WARN_INFINITE_RECURSION = YES;
				CLANG_WARN_INT_CONVERSION = YES;
				CLANG_WARN_NON_LITERAL_NULL_CONVERSION = YES;
				CLANG_WARN_OBJC_IMPLICIT_RETAIN_SELF = YES;
				CLANG_WARN_OBJC_LITERAL_CONVERSION = YES;
				CLANG_WARN_OBJC_ROOT_CLASS = YES_ERROR;
				CLANG_WARN_QUOTED_INCLUDE_IN_FRAMEWORK_HEADER = YES;
				CLANG_WARN_RANGE_LOOP_ANALYSIS = YES;
				CLANG_WARN_STRICT_PROTOTYPES = YES;
				CLANG_WARN_SUSPICIOUS_MOVE = YES;
				CLANG_WARN_UNGUARDED_AVAILABILITY = YES_AGGRESSIVE;
				CLANG_WARN_UNREACHABLE_CODE = YES;
				CLANG_WARN__DUPLICATE_METHOD_MATCH = YES;
				COPY_PHASE_STRIP = NO;
				DEBUG_INFORMATION_FORMAT = "dwarf-with-dsym";
				ENABLE_NS_ASSERTIONS = NO;
				ENABLE_STRICT_OBJC_MSGSEND = YES;
				GCC_C_LANGUAGE_STANDARD = gnu11;
				GCC_NO_COMMON_BLOCKS = YES;
				GCC_WARN_64_TO_32_BIT_CONVERSION = YES;
				GCC_WARN_ABOUT_RETURN_TYPE = YES_ERROR;
				GCC_WARN_UNDECLARED_SELECTOR = YES;
				GCC_WARN_UNINITIALIZED_AUTOS = YES_AGGRESSIVE;
				GCC_WARN_UNUSED_FUNCTION = YES;
				GCC_WARN_UNUSED_VARIABLE = YES;
				IPHONEOS_DEPLOYMENT_TARGET = 14.0;
				MTL_ENABLE_DEBUG_INFO = NO;
				MTL_FAST_MATH = YES;
				SDKROOT = iphoneos;
				SWIFT_COMPILATION_MODE = wholemodule;
				SWIFT_OPTIMIZATION_LEVEL = "-O";
				VALIDATE_PRODUCT = YES;
			};
			name = Release;
		};
		347375CD27C62DF70029A419 /* Debug */ = {
			isa = XCBuildConfiguration;
			baseConfigurationReference = A2BE6EFB49533837F1AA1733 /* Pods-HSE Sharing.debug.xcconfig */;
			buildSettings = {
				ASSETCATALOG_COMPILER_APPICON_NAME = AppIcon;
				ASSETCATALOG_COMPILER_GLOBAL_ACCENT_COLOR_NAME = AccentColor;
				CODE_SIGN_STYLE = Automatic;
				CURRENT_PROJECT_VERSION = 1;
				DEVELOPMENT_TEAM = LNN66QAR2T;
				GENERATE_INFOPLIST_FILE = YES;
				INFOPLIST_FILE = "HSE Sharing/Supporting files/Supporting system files/Info.plist";
				INFOPLIST_KEY_NSCameraUsageDescription = "This app requires access to your camera so that you can take a picture as your profile picture.";
				INFOPLIST_KEY_NSPhotoLibraryUsageDescription = "This app requires access to your photo library so that you can select your profile picture.";
				INFOPLIST_KEY_UIApplicationSupportsIndirectInputEvents = YES;
				INFOPLIST_KEY_UILaunchStoryboardName = LaunchScreen;
				INFOPLIST_KEY_UIMainStoryboardFile = EnterScreen;
				INFOPLIST_KEY_UISupportedInterfaceOrientations = UIInterfaceOrientationPortrait;
				INFOPLIST_KEY_UISupportedInterfaceOrientations_iPhone = UIInterfaceOrientationPortrait;
				INFOPLIST_KEY_UIUserInterfaceStyle = Light;
				IPHONEOS_DEPLOYMENT_TARGET = 14.0;
				LD_RUNPATH_SEARCH_PATHS = (
					"$(inherited)",
					"@executable_path/Frameworks",
				);
				MARKETING_VERSION = 1.0;
				"MTL_ENABLE_DEBUG_INFO[arch=*]" = INCLUDE_SOURCE;
				PRODUCT_BUNDLE_IDENTIFIER = "shtanko.ekaterina.HSE-Sharing";
				PRODUCT_NAME = "$(TARGET_NAME)";
				SWIFT_EMIT_LOC_STRINGS = YES;
				SWIFT_VERSION = 5.0;
				TARGETED_DEVICE_FAMILY = 1;
			};
			name = Debug;
		};
		347375CE27C62DF70029A419 /* Release */ = {
			isa = XCBuildConfiguration;
			baseConfigurationReference = 09230A4C2BBF04A6FFBDE315 /* Pods-HSE Sharing.release.xcconfig */;
			buildSettings = {
				ASSETCATALOG_COMPILER_APPICON_NAME = AppIcon;
				ASSETCATALOG_COMPILER_GLOBAL_ACCENT_COLOR_NAME = AccentColor;
				CODE_SIGN_STYLE = Automatic;
				CURRENT_PROJECT_VERSION = 1;
				DEVELOPMENT_TEAM = LNN66QAR2T;
				GENERATE_INFOPLIST_FILE = YES;
				INFOPLIST_FILE = "HSE Sharing/Supporting files/Supporting system files/Info.plist";
				INFOPLIST_KEY_NSCameraUsageDescription = "This app requires access to your camera so that you can take a picture as your profile picture.";
				INFOPLIST_KEY_NSPhotoLibraryUsageDescription = "This app requires access to your photo library so that you can select your profile picture.";
				INFOPLIST_KEY_UIApplicationSupportsIndirectInputEvents = YES;
				INFOPLIST_KEY_UILaunchStoryboardName = LaunchScreen;
				INFOPLIST_KEY_UIMainStoryboardFile = EnterScreen;
				INFOPLIST_KEY_UISupportedInterfaceOrientations = UIInterfaceOrientationPortrait;
				INFOPLIST_KEY_UISupportedInterfaceOrientations_iPhone = UIInterfaceOrientationPortrait;
				INFOPLIST_KEY_UIUserInterfaceStyle = Light;
				IPHONEOS_DEPLOYMENT_TARGET = 14.0;
				LD_RUNPATH_SEARCH_PATHS = (
					"$(inherited)",
					"@executable_path/Frameworks",
				);
				MARKETING_VERSION = 1.0;
				PRODUCT_BUNDLE_IDENTIFIER = "shtanko.ekaterina.HSE-Sharing";
				PRODUCT_NAME = "$(TARGET_NAME)";
				SWIFT_EMIT_LOC_STRINGS = YES;
				SWIFT_VERSION = 5.0;
				TARGETED_DEVICE_FAMILY = 1;
			};
			name = Release;
		};
/* End XCBuildConfiguration section */

/* Begin XCConfigurationList section */
		347375B327C62DF50029A419 /* Build configuration list for PBXProject "HSE Sharing" */ = {
			isa = XCConfigurationList;
			buildConfigurations = (
				347375CA27C62DF70029A419 /* Debug */,
				347375CB27C62DF70029A419 /* Release */,
			);
			defaultConfigurationIsVisible = 0;
			defaultConfigurationName = Release;
		};
		347375CC27C62DF70029A419 /* Build configuration list for PBXNativeTarget "HSE Sharing" */ = {
			isa = XCConfigurationList;
			buildConfigurations = (
				347375CD27C62DF70029A419 /* Debug */,
				347375CE27C62DF70029A419 /* Release */,
			);
			defaultConfigurationIsVisible = 0;
			defaultConfigurationName = Release;
		};
/* End XCConfigurationList section */
	};
	rootObject = 347375B027C62DF50029A419 /* Project object */;
}
